// !$*UTF8*$!
{
	archiveVersion = 1;
	classes = {
	};
	objectVersion = 46;
	objects = {

/* Begin PBXBuildFile section */
		070A852F19641B6D00798ABE /* CFNetworkBasedTCPConnection.cpp in Sources */ = {isa = PBXBuildFile; fileRef = 070A852E19641B6D00798ABE /* CFNetworkBasedTCPConnection.cpp */; };
		0715A6311954FC6C004519D9 /* XMLStream.hpp in Headers */ = {isa = PBXBuildFile; fileRef = 0715A6301954FC6C004519D9 /* XMLStream.hpp */; settings = {ATTRIBUTES = (Public, ); }; };
		0715A6331954FC82004519D9 /* XMLStream.cpp in Sources */ = {isa = PBXBuildFile; fileRef = 0715A6321954FC82004519D9 /* XMLStream.cpp */; };
		0715A63D195512A8004519D9 /* JID.cpp in Sources */ = {isa = PBXBuildFile; fileRef = 0715A63C195512A8004519D9 /* JID.cpp */; };
		0715A6CA1957872E004519D9 /* JID.hpp in Headers */ = {isa = PBXBuildFile; fileRef = 0715A63B19550DEE004519D9 /* JID.hpp */; settings = {ATTRIBUTES = (Public, ); }; };
		0715A6CC19579204004519D9 /* CreateJIDFromStringTestCase.mm in Sources */ = {isa = PBXBuildFile; fileRef = 0715A6CB19579204004519D9 /* CreateJIDFromStringTestCase.mm */; };
		07333DED196A46BD0000D8F3 /* XMLStream_Context.cpp in Sources */ = {isa = PBXBuildFile; fileRef = 07333DEC196A46BD0000D8F3 /* XMLStream_Context.cpp */; };
		0739C3DA195B9D8F006A7EA8 /* types.hpp in Headers */ = {isa = PBXBuildFile; fileRef = 0739C3D9195B9D8F006A7EA8 /* types.hpp */; };
		0739C3E9195BB781006A7EA8 /* Attribute.cpp in Sources */ = {isa = PBXBuildFile; fileRef = 0739C3E8195BB781006A7EA8 /* Attribute.cpp */; };
		0739C3EC195BC68C006A7EA8 /* Node.cpp in Sources */ = {isa = PBXBuildFile; fileRef = 0739C3EB195BC68C006A7EA8 /* Node.cpp */; };
		0739C3F1195BE732006A7EA8 /* Namespace.cpp in Sources */ = {isa = PBXBuildFile; fileRef = 0739C3F0195BE732006A7EA8 /* Namespace.cpp */; };
		073A3FFB197CE6DE00DC670F /* XMLStreamParser_expat.cpp in Sources */ = {isa = PBXBuildFile; fileRef = 07F9232B196D12C30010E3C4 /* XMLStreamParser_expat.cpp */; };
		073A3FFD197CFC0600DC670F /* rambler.hpp in Headers */ = {isa = PBXBuildFile; fileRef = 073A3FFC197CFC0600DC670F /* rambler.hpp */; };
		073B7D05197877D200B3BF89 /* Conversation.cpp in Sources */ = {isa = PBXBuildFile; fileRef = 073B7D01197877D200B3BF89 /* Conversation.cpp */; };
		073B7D06197877D200B3BF89 /* Conversation.hpp in Headers */ = {isa = PBXBuildFile; fileRef = 073B7D02197877D200B3BF89 /* Conversation.hpp */; };
		073B7D07197877D200B3BF89 /* ConversationController.cpp in Sources */ = {isa = PBXBuildFile; fileRef = 073B7D03197877D200B3BF89 /* ConversationController.cpp */; };
		073B7D08197877D200B3BF89 /* ConversationController.hpp in Headers */ = {isa = PBXBuildFile; fileRef = 073B7D04197877D200B3BF89 /* ConversationController.hpp */; };
		07461EC21974E7EC002B3DF3 /* main.mm in Sources */ = {isa = PBXBuildFile; fileRef = 07461EC11974E7EC002B3DF3 /* main.mm */; };
		07461EC81974E95F002B3DF3 /* Rambler.framework in Frameworks */ = {isa = PBXBuildFile; fileRef = 07D1E6CF1950A833008C76CF /* Rambler.framework */; };
		07461ECE1974EB59002B3DF3 /* Foundation.framework in Frameworks */ = {isa = PBXBuildFile; fileRef = 07D1E6F01950A907008C76CF /* Foundation.framework */; };
		0747F28C196088B7003A0D0C /* NameableNode.cpp in Sources */ = {isa = PBXBuildFile; fileRef = 0747F28B196088B7003A0D0C /* NameableNode.cpp */; };
		0747F28F19608DCB003A0D0C /* NamespaceableNode.cpp in Sources */ = {isa = PBXBuildFile; fileRef = 0747F28E19608DCB003A0D0C /* NamespaceableNode.cpp */; };
		075097621973679400CBBA60 /* Message.cpp in Sources */ = {isa = PBXBuildFile; fileRef = 075097611973679400CBBA60 /* Message.cpp */; };
		076FC726197789F90046A227 /* timestamp.mm in Sources */ = {isa = PBXBuildFile; fileRef = 076FC725197789F90046A227 /* timestamp.mm */; };
		079FDC321966514700F9DBC6 /* Security.framework in Frameworks */ = {isa = PBXBuildFile; fileRef = 079FDC311966514700F9DBC6 /* Security.framework */; };
		07A30662196F79B000D9523E /* RosterItem.cpp in Sources */ = {isa = PBXBuildFile; fileRef = 07A3065D196F79B000D9523E /* RosterItem.cpp */; };
		07A30663196F79B000D9523E /* RosterItem.hpp in Headers */ = {isa = PBXBuildFile; fileRef = 07A3065E196F79B000D9523E /* RosterItem.hpp */; };
		07A30665196F79B000D9523E /* RosterList.hpp in Headers */ = {isa = PBXBuildFile; fileRef = 07A30660196F79B000D9523E /* RosterList.hpp */; };
		07A30666196F79B000D9523E /* SubscriptionState.hpp in Headers */ = {isa = PBXBuildFile; fileRef = 07A30661196F79B000D9523E /* SubscriptionState.hpp */; };
		07A3066E1970870700D9523E /* JID.internal.h in Headers */ = {isa = PBXBuildFile; fileRef = 07A3066B197085F500D9523E /* JID.internal.h */; };
		07ABA9FE1960A8A4001543FB /* Element.cpp in Sources */ = {isa = PBXBuildFile; fileRef = 07ABA9FD1960A8A4001543FB /* Element.cpp */; };
		07ABAA0B1960B0EF001543FB /* TextNode.cpp in Sources */ = {isa = PBXBuildFile; fileRef = 07ABAA0A1960B0EF001543FB /* TextNode.cpp */; };
		07BC78371968AA9D00393657 /* base64.cpp in Sources */ = {isa = PBXBuildFile; fileRef = 07BC78361968AA9D00393657 /* base64.cpp */; };
		07BC78441968C1D400393657 /* Base64.mm in Sources */ = {isa = PBXBuildFile; fileRef = 07BC78431968C1D400393657 /* Base64.mm */; };
		07D1E6DB1950A833008C76CF /* Rambler.framework in Frameworks */ = {isa = PBXBuildFile; fileRef = 07D1E6CF1950A833008C76CF /* Rambler.framework */; };
		07D1E6F11950A907008C76CF /* Foundation.framework in Frameworks */ = {isa = PBXBuildFile; fileRef = 07D1E6F01950A907008C76CF /* Foundation.framework */; };
		07D5DCCD1950B2110041A7F3 /* dns_utilities.cpp in Sources */ = {isa = PBXBuildFile; fileRef = 07D5DCC91950B2110041A7F3 /* dns_utilities.cpp */; };
		07D5DCCE1950B2110041A7F3 /* dns_utilities.h in Headers */ = {isa = PBXBuildFile; fileRef = 07D5DCCA1950B2110041A7F3 /* dns_utilities.h */; };
		07D5DCCF1950B2110041A7F3 /* SRVRecordResolver_CFNetwork.cpp in Sources */ = {isa = PBXBuildFile; fileRef = 07D5DCCB1950B2110041A7F3 /* SRVRecordResolver_CFNetwork.cpp */; };
		07D5DCD01950B2110041A7F3 /* SRVRecordResolver_CFNetwork.h in Headers */ = {isa = PBXBuildFile; fileRef = 07D5DCCC1950B2110041A7F3 /* SRVRecordResolver_CFNetwork.h */; };
		07D5DD301950B6670041A7F3 /* libxml2.dylib in Frameworks */ = {isa = PBXBuildFile; fileRef = 07D5DD2F1950B6670041A7F3 /* libxml2.dylib */; };
		07D9D968197817DF0017D850 /* uuid.cpp in Sources */ = {isa = PBXBuildFile; fileRef = 07D9D967197817DF0017D850 /* uuid.cpp */; };
		07DECDC71963C2F1007938D1 /* XMLStream_Constants.cpp in Sources */ = {isa = PBXBuildFile; fileRef = 07DECDC61963C2F1007938D1 /* XMLStream_Constants.cpp */; };
		07DECDCD196414AC007938D1 /* TCPConnection.cpp in Sources */ = {isa = PBXBuildFile; fileRef = 07DECDCC196414AC007938D1 /* TCPConnection.cpp */; };
		07E761F2197B77DD00CD1BDE /* XMLNode.h in Headers */ = {isa = PBXBuildFile; fileRef = 07E761F1197B76DD00CD1BDE /* XMLNode.h */; settings = {ATTRIBUTES = (Public, ); }; };
		07E761F7197B78D300CD1BDE /* XMLTextNode.mm in Sources */ = {isa = PBXBuildFile; fileRef = 07E761F6197B78D300CD1BDE /* XMLTextNode.mm */; };
		07E761FC197B852500CD1BDE /* XMLNamespace.mm in Sources */ = {isa = PBXBuildFile; fileRef = 07E761FB197B852500CD1BDE /* XMLNamespace.mm */; };
		07E761FD197B8A5700CD1BDE /* XMLNameableNode.h in Headers */ = {isa = PBXBuildFile; fileRef = 07E761F8197B83FD00CD1BDE /* XMLNameableNode.h */; settings = {ATTRIBUTES = (Public, ); }; };
		07E761FE197B8A5700CD1BDE /* XMLNamespace.h in Headers */ = {isa = PBXBuildFile; fileRef = 07E761F9197B850A00CD1BDE /* XMLNamespace.h */; settings = {ATTRIBUTES = (Public, ); }; };
		07E761FF197B8A5700CD1BDE /* XMLTextNode.h in Headers */ = {isa = PBXBuildFile; fileRef = 07E761F4197B789700CD1BDE /* XMLTextNode.h */; settings = {ATTRIBUTES = (Public, ); }; };
		07E76204197C6E2400CD1BDE /* XMLElement.mm in Sources */ = {isa = PBXBuildFile; fileRef = 07E76203197C6E2400CD1BDE /* XMLElement.mm */; };
		07E76205197C6EBC00CD1BDE /* XMLElement.h in Headers */ = {isa = PBXBuildFile; fileRef = 07E76201197C6E0100CD1BDE /* XMLElement.h */; settings = {ATTRIBUTES = (Public, ); }; };
		07E76206197C6EC500CD1BDE /* XMLNamespaceableNode.h in Headers */ = {isa = PBXBuildFile; fileRef = 07E76200197B959D00CD1BDE /* XMLNamespaceableNode.h */; settings = {ATTRIBUTES = (Public, ); }; };
		07F1F14019777110005C3966 /* RosterList.cpp in Sources */ = {isa = PBXBuildFile; fileRef = 07A3065F196F79B000D9523E /* RosterList.cpp */; };
		07F36FE0197744E1001A00A0 /* Client.cpp in Sources */ = {isa = PBXBuildFile; fileRef = 07F36FDF197744E1001A00A0 /* Client.cpp */; };
		07F8146B196E2AF300207EC1 /* Conversation.h in Headers */ = {isa = PBXBuildFile; fileRef = 07F81461196E2AF300207EC1 /* Conversation.h */; };
		07F8146D196E2AF300207EC1 /* ConversationController.h in Headers */ = {isa = PBXBuildFile; fileRef = 07F81463196E2AF300207EC1 /* ConversationController.h */; };
		07F8146F196E2AF300207EC1 /* Message.h in Headers */ = {isa = PBXBuildFile; fileRef = 07F81465196E2AF300207EC1 /* Message.h */; };
		07F81470196E2AF300207EC1 /* Message.mm in Sources */ = {isa = PBXBuildFile; fileRef = 07F81466196E2AF300207EC1 /* Message.mm */; };
		07F81471196E2AF300207EC1 /* RosterItem.h in Headers */ = {isa = PBXBuildFile; fileRef = 07F81467196E2AF300207EC1 /* RosterItem.h */; };
		07F81472196E2AF300207EC1 /* RosterItem.mm in Sources */ = {isa = PBXBuildFile; fileRef = 07F81468196E2AF300207EC1 /* RosterItem.mm */; };
		07F81473196E2AF300207EC1 /* RosterList.h in Headers */ = {isa = PBXBuildFile; fileRef = 07F81469196E2AF300207EC1 /* RosterList.h */; };
		07F81479196E2B0900207EC1 /* JID.h in Headers */ = {isa = PBXBuildFile; fileRef = 07F81475196E2B0900207EC1 /* JID.h */; settings = {ATTRIBUTES = (Public, ); }; };
		07F8147A196E2B0900207EC1 /* JID.mm in Sources */ = {isa = PBXBuildFile; fileRef = 07F81476196E2B0900207EC1 /* JID.mm */; };
		07F8147B196E2B0900207EC1 /* XMLStream.h in Headers */ = {isa = PBXBuildFile; fileRef = 07F81477196E2B0900207EC1 /* XMLStream.h */; settings = {ATTRIBUTES = (Public, ); }; };
		07F8147C196E2B0900207EC1 /* XMLStream.mm in Sources */ = {isa = PBXBuildFile; fileRef = 07F81478196E2B0900207EC1 /* XMLStream.mm */; };
		07F81481196E2B1C00207EC1 /* Connection.h in Headers */ = {isa = PBXBuildFile; fileRef = 07F8147D196E2B1C00207EC1 /* Connection.h */; settings = {ATTRIBUTES = (Public, ); }; };
		07F81482196E2B1C00207EC1 /* StreamState.h in Headers */ = {isa = PBXBuildFile; fileRef = 07F8147E196E2B1C00207EC1 /* StreamState.h */; };
		07F81483196E2B1C00207EC1 /* TCPConnection.h in Headers */ = {isa = PBXBuildFile; fileRef = 07F8147F196E2B1C00207EC1 /* TCPConnection.h */; };
		07F81484196E2B1C00207EC1 /* TCPConnection.mm in Sources */ = {isa = PBXBuildFile; fileRef = 07F81480196E2B1C00207EC1 /* TCPConnection.mm */; };
		07F81486196E2B2D00207EC1 /* Rambler.h in Headers */ = {isa = PBXBuildFile; fileRef = 07F81485196E2B2D00207EC1 /* Rambler.h */; settings = {ATTRIBUTES = (Public, ); }; };
		07F92329196D0DB90010E3C4 /* libexpat.dylib in Frameworks */ = {isa = PBXBuildFile; fileRef = 07F92328196D0DB90010E3C4 /* libexpat.dylib */; };
/* End PBXBuildFile section */

/* Begin PBXContainerItemProxy section */
		07461EC61974E957002B3DF3 /* PBXContainerItemProxy */ = {
			isa = PBXContainerItemProxy;
			containerPortal = 07D1E6C61950A833008C76CF /* Project object */;
			proxyType = 1;
			remoteGlobalIDString = 07D1E6CE1950A833008C76CF;
			remoteInfo = Rambler;
		};
		07D1E6DC1950A833008C76CF /* PBXContainerItemProxy */ = {
			isa = PBXContainerItemProxy;
			containerPortal = 07D1E6C61950A833008C76CF /* Project object */;
			proxyType = 1;
			remoteGlobalIDString = 07D1E6CE1950A833008C76CF;
			remoteInfo = Rambler;
		};
		07D1E6F91950AA05008C76CF /* PBXContainerItemProxy */ = {
			isa = PBXContainerItemProxy;
			containerPortal = 07D1E6C61950A833008C76CF /* Project object */;
			proxyType = 1;
			remoteGlobalIDString = 07D1E6CE1950A833008C76CF;
			remoteInfo = Rambler;
		};
		07D1E6FB1950AA05008C76CF /* PBXContainerItemProxy */ = {
			isa = PBXContainerItemProxy;
			containerPortal = 07D1E6C61950A833008C76CF /* Project object */;
			proxyType = 1;
			remoteGlobalIDString = 07D1E6CE1950A833008C76CF;
			remoteInfo = Rambler;
		};
		07D1E6FD1950AA23008C76CF /* PBXContainerItemProxy */ = {
			isa = PBXContainerItemProxy;
			containerPortal = 07D1E6C61950A833008C76CF /* Project object */;
			proxyType = 1;
			remoteGlobalIDString = 07D1E6CE1950A833008C76CF;
			remoteInfo = Rambler;
		};
		07D5DC9C1950AF500041A7F3 /* PBXContainerItemProxy */ = {
			isa = PBXContainerItemProxy;
			containerPortal = 07D1E6C61950A833008C76CF /* Project object */;
			proxyType = 1;
			remoteGlobalIDString = 07D1E6CE1950A833008C76CF;
			remoteInfo = Rambler;
		};
		07D5DC9E1950AF500041A7F3 /* PBXContainerItemProxy */ = {
			isa = PBXContainerItemProxy;
			containerPortal = 07D1E6C61950A833008C76CF /* Project object */;
			proxyType = 1;
			remoteGlobalIDString = 07D1E6CE1950A833008C76CF;
			remoteInfo = Rambler;
		};
		07D5DCA01950AF670041A7F3 /* PBXContainerItemProxy */ = {
			isa = PBXContainerItemProxy;
			containerPortal = 07D1E6C61950A833008C76CF /* Project object */;
			proxyType = 1;
			remoteGlobalIDString = 07D1E6CE1950A833008C76CF;
			remoteInfo = Rambler;
		};
		07D5DCA21950AFB60041A7F3 /* PBXContainerItemProxy */ = {
			isa = PBXContainerItemProxy;
			containerPortal = 07D1E6C61950A833008C76CF /* Project object */;
			proxyType = 1;
			remoteGlobalIDString = 07D1E6CE1950A833008C76CF;
			remoteInfo = Rambler;
		};
		07D5DCA71950AFED0041A7F3 /* PBXContainerItemProxy */ = {
			isa = PBXContainerItemProxy;
			containerPortal = 07D1E6C61950A833008C76CF /* Project object */;
			proxyType = 1;
			remoteGlobalIDString = 07D1E6CE1950A833008C76CF;
			remoteInfo = Rambler;
		};
/* End PBXContainerItemProxy section */

/* Begin PBXCopyFilesBuildPhase section */
		07461EBD1974E7EC002B3DF3 /* CopyFiles */ = {
			isa = PBXCopyFilesBuildPhase;
			buildActionMask = 2147483647;
			dstPath = /usr/share/man/man1/;
			dstSubfolderSpec = 0;
			files = (
			);
			runOnlyForDeploymentPostprocessing = 1;
		};
		07D5DCB21950B0AD0041A7F3 /* CopyFiles */ = {
			isa = PBXCopyFilesBuildPhase;
			buildActionMask = 2147483647;
			dstPath = "";
			dstSubfolderSpec = 7;
			files = (
			);
			runOnlyForDeploymentPostprocessing = 0;
		};
/* End PBXCopyFilesBuildPhase section */

/* Begin PBXFileReference section */
		0700FFE319625F940001283D /* pointer_types.hpp */ = {isa = PBXFileReference; lastKnownFileType = sourcecode.cpp.h; path = pointer_types.hpp; sourceTree = "<group>"; };
		070A852E19641B6D00798ABE /* CFNetworkBasedTCPConnection.cpp */ = {isa = PBXFileReference; fileEncoding = 4; lastKnownFileType = sourcecode.cpp.cpp; path = CFNetworkBasedTCPConnection.cpp; sourceTree = "<group>"; };
		0715A6301954FC6C004519D9 /* XMLStream.hpp */ = {isa = PBXFileReference; fileEncoding = 4; lastKnownFileType = sourcecode.cpp.h; path = XMLStream.hpp; sourceTree = "<group>"; };
		0715A6321954FC82004519D9 /* XMLStream.cpp */ = {isa = PBXFileReference; fileEncoding = 4; lastKnownFileType = sourcecode.cpp.cpp; path = XMLStream.cpp; sourceTree = "<group>"; };
		0715A6341954FF8E004519D9 /* BidirectionalStream.hpp */ = {isa = PBXFileReference; lastKnownFileType = sourcecode.cpp.h; path = BidirectionalStream.hpp; sourceTree = "<group>"; };
		0715A63619550276004519D9 /* State.hpp */ = {isa = PBXFileReference; lastKnownFileType = sourcecode.cpp.h; path = State.hpp; sourceTree = "<group>"; };
		0715A63B19550DEE004519D9 /* JID.hpp */ = {isa = PBXFileReference; lastKnownFileType = sourcecode.cpp.h; path = JID.hpp; sourceTree = "<group>"; };
		0715A63C195512A8004519D9 /* JID.cpp */ = {isa = PBXFileReference; fileEncoding = 4; lastKnownFileType = sourcecode.cpp.cpp; path = JID.cpp; sourceTree = "<group>"; };
		0715A6CB19579204004519D9 /* CreateJIDFromStringTestCase.mm */ = {isa = PBXFileReference; fileEncoding = 4; lastKnownFileType = sourcecode.cpp.objcpp; path = CreateJIDFromStringTestCase.mm; sourceTree = "<group>"; };
		072EAA0E1973784D00B14A42 /* Message.internal.h */ = {isa = PBXFileReference; lastKnownFileType = sourcecode.c.h; name = Message.internal.h; path = "Source Code/Rambler/XMPP/IM/Client/Message.internal.h"; sourceTree = SOURCE_ROOT; };
		07333DEC196A46BD0000D8F3 /* XMLStream_Context.cpp */ = {isa = PBXFileReference; fileEncoding = 4; lastKnownFileType = sourcecode.cpp.cpp; path = XMLStream_Context.cpp; sourceTree = "<group>"; };
		0739C3D9195B9D8F006A7EA8 /* types.hpp */ = {isa = PBXFileReference; fileEncoding = 4; lastKnownFileType = sourcecode.cpp.h; path = types.hpp; sourceTree = "<group>"; };
		0739C3E6195BA6D0006A7EA8 /* Element.hpp */ = {isa = PBXFileReference; lastKnownFileType = sourcecode.cpp.h; path = Element.hpp; sourceTree = "<group>"; };
		0739C3E7195BB391006A7EA8 /* Attribute.hpp */ = {isa = PBXFileReference; lastKnownFileType = sourcecode.cpp.h; path = Attribute.hpp; sourceTree = "<group>"; };
		0739C3E8195BB781006A7EA8 /* Attribute.cpp */ = {isa = PBXFileReference; fileEncoding = 4; lastKnownFileType = sourcecode.cpp.cpp; path = Attribute.cpp; sourceTree = "<group>"; };
		0739C3EA195BC1F7006A7EA8 /* Node.hpp */ = {isa = PBXFileReference; lastKnownFileType = sourcecode.cpp.h; path = Node.hpp; sourceTree = "<group>"; };
		0739C3EB195BC68C006A7EA8 /* Node.cpp */ = {isa = PBXFileReference; fileEncoding = 4; lastKnownFileType = sourcecode.cpp.cpp; path = Node.cpp; sourceTree = "<group>"; };
		0739C3ED195BE296006A7EA8 /* Namespace.hpp */ = {isa = PBXFileReference; lastKnownFileType = sourcecode.cpp.h; path = Namespace.hpp; sourceTree = "<group>"; };
		0739C3EE195BE40A006A7EA8 /* integer_types.hpp */ = {isa = PBXFileReference; lastKnownFileType = sourcecode.cpp.h; path = integer_types.hpp; sourceTree = "<group>"; };
		0739C3EF195BE5D4006A7EA8 /* string_types.hpp */ = {isa = PBXFileReference; lastKnownFileType = sourcecode.cpp.h; path = string_types.hpp; sourceTree = "<group>"; };
		0739C3F0195BE732006A7EA8 /* Namespace.cpp */ = {isa = PBXFileReference; fileEncoding = 4; lastKnownFileType = sourcecode.cpp.cpp; path = Namespace.cpp; sourceTree = "<group>"; };
		073A3FFC197CFC0600DC670F /* rambler.hpp */ = {isa = PBXFileReference; fileEncoding = 4; lastKnownFileType = sourcecode.cpp.h; path = rambler.hpp; sourceTree = "<group>"; };
		073A3FFE197CFD7A00DC670F /* TCPConnection.internal.h */ = {isa = PBXFileReference; lastKnownFileType = sourcecode.c.h; name = TCPConnection.internal.h; path = "Source Code/Rambler/Connection/TCPConnection.internal.h"; sourceTree = SOURCE_ROOT; };
		073B7D01197877D200B3BF89 /* Conversation.cpp */ = {isa = PBXFileReference; fileEncoding = 4; lastKnownFileType = sourcecode.cpp.cpp; path = Conversation.cpp; sourceTree = "<group>"; };
		073B7D02197877D200B3BF89 /* Conversation.hpp */ = {isa = PBXFileReference; fileEncoding = 4; lastKnownFileType = sourcecode.cpp.h; path = Conversation.hpp; sourceTree = "<group>"; };
		073B7D03197877D200B3BF89 /* ConversationController.cpp */ = {isa = PBXFileReference; fileEncoding = 4; lastKnownFileType = sourcecode.cpp.cpp; path = ConversationController.cpp; sourceTree = "<group>"; };
		073B7D04197877D200B3BF89 /* ConversationController.hpp */ = {isa = PBXFileReference; fileEncoding = 4; lastKnownFileType = sourcecode.cpp.h; path = ConversationController.hpp; sourceTree = "<group>"; };
		07461EBF1974E7EC002B3DF3 /* Example Client (Objective-C) */ = {isa = PBXFileReference; explicitFileType = "compiled.mach-o.executable"; includeInIndex = 0; path = "Example Client (Objective-C)"; sourceTree = BUILT_PRODUCTS_DIR; };
		07461EC11974E7EC002B3DF3 /* main.mm */ = {isa = PBXFileReference; lastKnownFileType = sourcecode.cpp.objcpp; path = main.mm; sourceTree = "<group>"; };
		0747F28A1960879E003A0D0C /* NameableNode.hpp */ = {isa = PBXFileReference; lastKnownFileType = sourcecode.cpp.h; path = NameableNode.hpp; sourceTree = "<group>"; };
		0747F28B196088B7003A0D0C /* NameableNode.cpp */ = {isa = PBXFileReference; fileEncoding = 4; lastKnownFileType = sourcecode.cpp.cpp; path = NameableNode.cpp; sourceTree = "<group>"; };
		0747F28D19608C3F003A0D0C /* NamespaceableNode.hpp */ = {isa = PBXFileReference; lastKnownFileType = sourcecode.cpp.h; path = NamespaceableNode.hpp; sourceTree = "<group>"; };
		0747F28E19608DCB003A0D0C /* NamespaceableNode.cpp */ = {isa = PBXFileReference; fileEncoding = 4; lastKnownFileType = sourcecode.cpp.cpp; path = NamespaceableNode.cpp; sourceTree = "<group>"; };
		075097601973678800CBBA60 /* Message.hpp */ = {isa = PBXFileReference; lastKnownFileType = sourcecode.cpp.h; path = Message.hpp; sourceTree = "<group>"; };
		075097611973679400CBBA60 /* Message.cpp */ = {isa = PBXFileReference; fileEncoding = 4; lastKnownFileType = sourcecode.cpp.cpp; path = Message.cpp; sourceTree = "<group>"; };
		076FC724197789EB0046A227 /* timestamp.hpp */ = {isa = PBXFileReference; lastKnownFileType = sourcecode.cpp.h; path = timestamp.hpp; sourceTree = "<group>"; };
		076FC725197789F90046A227 /* timestamp.mm */ = {isa = PBXFileReference; fileEncoding = 4; lastKnownFileType = sourcecode.cpp.objcpp; path = timestamp.mm; sourceTree = "<group>"; };
		079FDC311966514700F9DBC6 /* Security.framework */ = {isa = PBXFileReference; lastKnownFileType = wrapper.framework; name = Security.framework; path = System/Library/Frameworks/Security.framework; sourceTree = SDKROOT; };
		07A3065D196F79B000D9523E /* RosterItem.cpp */ = {isa = PBXFileReference; fileEncoding = 4; lastKnownFileType = sourcecode.cpp.cpp; path = RosterItem.cpp; sourceTree = "<group>"; };
		07A3065E196F79B000D9523E /* RosterItem.hpp */ = {isa = PBXFileReference; fileEncoding = 4; lastKnownFileType = sourcecode.cpp.h; path = RosterItem.hpp; sourceTree = "<group>"; };
		07A3065F196F79B000D9523E /* RosterList.cpp */ = {isa = PBXFileReference; fileEncoding = 4; lastKnownFileType = sourcecode.cpp.cpp; path = RosterList.cpp; sourceTree = "<group>"; };
		07A30660196F79B000D9523E /* RosterList.hpp */ = {isa = PBXFileReference; fileEncoding = 4; lastKnownFileType = sourcecode.cpp.h; path = RosterList.hpp; sourceTree = "<group>"; };
		07A30661196F79B000D9523E /* SubscriptionState.hpp */ = {isa = PBXFileReference; fileEncoding = 4; lastKnownFileType = sourcecode.cpp.h; path = SubscriptionState.hpp; sourceTree = "<group>"; };
		07A3066A197075E600D9523E /* SubscriptionState.h */ = {isa = PBXFileReference; lastKnownFileType = sourcecode.c.h; name = SubscriptionState.h; path = "Source Code/Rambler/XMPP/IM/Client/SubscriptionState.h"; sourceTree = SOURCE_ROOT; };
		07A3066B197085F500D9523E /* JID.internal.h */ = {isa = PBXFileReference; lastKnownFileType = sourcecode.c.h; name = JID.internal.h; path = "Source Code/Rambler/XMPP/Core/JID.internal.h"; sourceTree = SOURCE_ROOT; };
		07A3066F1970A13800D9523E /* RosterItem.internal.h */ = {isa = PBXFileReference; lastKnownFileType = sourcecode.c.h; name = RosterItem.internal.h; path = "Source Code/Rambler/XMPP/IM/Client/RosterItem.internal.h"; sourceTree = SOURCE_ROOT; };
		07A306701970A73700D9523E /* RosterList.internal.h */ = {isa = PBXFileReference; lastKnownFileType = sourcecode.c.h; name = RosterList.internal.h; path = "Source Code/Rambler/XMPP/IM/Client/RosterList.internal.h"; sourceTree = SOURCE_ROOT; };
		07ABA9FD1960A8A4001543FB /* Element.cpp */ = {isa = PBXFileReference; fileEncoding = 4; lastKnownFileType = sourcecode.cpp.cpp; path = Element.cpp; sourceTree = "<group>"; };
		07ABAA091960B0E4001543FB /* TextNode.hpp */ = {isa = PBXFileReference; lastKnownFileType = sourcecode.cpp.h; path = TextNode.hpp; sourceTree = "<group>"; };
		07ABAA0A1960B0EF001543FB /* TextNode.cpp */ = {isa = PBXFileReference; fileEncoding = 4; lastKnownFileType = sourcecode.cpp.cpp; path = TextNode.cpp; sourceTree = "<group>"; };
		07BC78361968AA9D00393657 /* base64.cpp */ = {isa = PBXFileReference; fileEncoding = 4; lastKnownFileType = sourcecode.cpp.cpp; path = base64.cpp; sourceTree = "<group>"; };
		07BC78421968AAFE00393657 /* base64.hpp */ = {isa = PBXFileReference; lastKnownFileType = sourcecode.cpp.h; path = base64.hpp; sourceTree = "<group>"; };
		07BC78431968C1D400393657 /* Base64.mm */ = {isa = PBXFileReference; fileEncoding = 4; lastKnownFileType = sourcecode.cpp.objcpp; path = Base64.mm; sourceTree = "<group>"; };
		07BF1F2919638F0700FC8348 /* XMLStreamParser_libxml2.cpp */ = {isa = PBXFileReference; fileEncoding = 4; lastKnownFileType = sourcecode.cpp.cpp; path = XMLStreamParser_libxml2.cpp; sourceTree = "<group>"; };
		07D1E6CF1950A833008C76CF /* Rambler.framework */ = {isa = PBXFileReference; explicitFileType = wrapper.framework; includeInIndex = 0; path = Rambler.framework; sourceTree = BUILT_PRODUCTS_DIR; };
		07D1E6DA1950A833008C76CF /* Rambler – Tests.xctest */ = {isa = PBXFileReference; explicitFileType = wrapper.cfbundle; includeInIndex = 0; path = "Rambler – Tests.xctest"; sourceTree = BUILT_PRODUCTS_DIR; };
		07D1E6F01950A907008C76CF /* Foundation.framework */ = {isa = PBXFileReference; lastKnownFileType = wrapper.framework; name = Foundation.framework; path = System/Library/Frameworks/Foundation.framework; sourceTree = SDKROOT; };
		07D1E6F51950A9D5008C76CF /* Info.plist */ = {isa = PBXFileReference; fileEncoding = 4; lastKnownFileType = text.plist.xml; path = Info.plist; sourceTree = "<group>"; };
		07D1E6FF1950AA38008C76CF /* Info.plist */ = {isa = PBXFileReference; fileEncoding = 4; lastKnownFileType = text.plist.xml; name = Info.plist; path = Resources/Info.plist; sourceTree = SOURCE_ROOT; };
		07D5DCC91950B2110041A7F3 /* dns_utilities.cpp */ = {isa = PBXFileReference; fileEncoding = 4; lastKnownFileType = sourcecode.cpp.cpp; path = dns_utilities.cpp; sourceTree = "<group>"; };
		07D5DCCA1950B2110041A7F3 /* dns_utilities.h */ = {isa = PBXFileReference; fileEncoding = 4; lastKnownFileType = sourcecode.c.h; path = dns_utilities.h; sourceTree = "<group>"; };
		07D5DCCB1950B2110041A7F3 /* SRVRecordResolver_CFNetwork.cpp */ = {isa = PBXFileReference; fileEncoding = 4; lastKnownFileType = sourcecode.cpp.cpp; path = SRVRecordResolver_CFNetwork.cpp; sourceTree = "<group>"; };
		07D5DCCC1950B2110041A7F3 /* SRVRecordResolver_CFNetwork.h */ = {isa = PBXFileReference; fileEncoding = 4; lastKnownFileType = sourcecode.c.h; path = SRVRecordResolver_CFNetwork.h; sourceTree = "<group>"; };
		07D5DD2F1950B6670041A7F3 /* libxml2.dylib */ = {isa = PBXFileReference; lastKnownFileType = "compiled.mach-o.dylib"; name = libxml2.dylib; path = usr/lib/libxml2.dylib; sourceTree = SDKROOT; };
		07D9D966197817D10017D850 /* uuid.hpp */ = {isa = PBXFileReference; lastKnownFileType = sourcecode.cpp.h; path = uuid.hpp; sourceTree = "<group>"; };
		07D9D967197817DF0017D850 /* uuid.cpp */ = {isa = PBXFileReference; fileEncoding = 4; lastKnownFileType = sourcecode.cpp.cpp; path = uuid.cpp; sourceTree = "<group>"; };
		07D9D969197830D50017D850 /* IQRequestType.hpp */ = {isa = PBXFileReference; lastKnownFileType = sourcecode.cpp.h; path = IQRequestType.hpp; sourceTree = "<group>"; };
		07DECDC61963C2F1007938D1 /* XMLStream_Constants.cpp */ = {isa = PBXFileReference; fileEncoding = 4; lastKnownFileType = sourcecode.cpp.cpp; path = XMLStream_Constants.cpp; sourceTree = "<group>"; };
		07DECDCB19641495007938D1 /* TCPConnection.hpp */ = {isa = PBXFileReference; lastKnownFileType = sourcecode.cpp.h; path = TCPConnection.hpp; sourceTree = "<group>"; };
		07DECDCC196414AC007938D1 /* TCPConnection.cpp */ = {isa = PBXFileReference; fileEncoding = 4; lastKnownFileType = sourcecode.cpp.cpp; path = TCPConnection.cpp; sourceTree = "<group>"; };
		07DECDCE19641773007938D1 /* CFNetworkBasedTCPConnection.hpp */ = {isa = PBXFileReference; lastKnownFileType = sourcecode.cpp.h; path = CFNetworkBasedTCPConnection.hpp; sourceTree = "<group>"; };
		07E761F1197B76DD00CD1BDE /* XMLNode.h */ = {isa = PBXFileReference; lastKnownFileType = sourcecode.c.h; name = XMLNode.h; path = "Source Code/Rambler/XML/XMLNode.h"; sourceTree = SOURCE_ROOT; };
		07E761F4197B789700CD1BDE /* XMLTextNode.h */ = {isa = PBXFileReference; lastKnownFileType = sourcecode.c.h; name = XMLTextNode.h; path = "Source Code/Rambler/XML/XMLTextNode.h"; sourceTree = SOURCE_ROOT; };
		07E761F5197B78B100CD1BDE /* XMLTextNode.internal.h */ = {isa = PBXFileReference; lastKnownFileType = sourcecode.c.h; name = XMLTextNode.internal.h; path = "Source Code/Rambler/XML/XMLTextNode.internal.h"; sourceTree = SOURCE_ROOT; };
		07E761F6197B78D300CD1BDE /* XMLTextNode.mm */ = {isa = PBXFileReference; fileEncoding = 4; lastKnownFileType = sourcecode.cpp.objcpp; name = XMLTextNode.mm; path = "Source Code/Rambler/XML/XMLTextNode.mm"; sourceTree = SOURCE_ROOT; };
		07E761F8197B83FD00CD1BDE /* XMLNameableNode.h */ = {isa = PBXFileReference; lastKnownFileType = sourcecode.c.h; name = XMLNameableNode.h; path = "Source Code/Rambler/XML/XMLNameableNode.h"; sourceTree = SOURCE_ROOT; };
		07E761F9197B850A00CD1BDE /* XMLNamespace.h */ = {isa = PBXFileReference; lastKnownFileType = sourcecode.c.h; name = XMLNamespace.h; path = "Source Code/Rambler/XML/XMLNamespace.h"; sourceTree = SOURCE_ROOT; };
		07E761FA197B851800CD1BDE /* XMLNamespace.internal.h */ = {isa = PBXFileReference; lastKnownFileType = sourcecode.c.h; name = XMLNamespace.internal.h; path = "Source Code/Rambler/XML/XMLNamespace.internal.h"; sourceTree = SOURCE_ROOT; };
		07E761FB197B852500CD1BDE /* XMLNamespace.mm */ = {isa = PBXFileReference; fileEncoding = 4; lastKnownFileType = sourcecode.cpp.objcpp; name = XMLNamespace.mm; path = "Source Code/Rambler/XML/XMLNamespace.mm"; sourceTree = SOURCE_ROOT; };
		07E76200197B959D00CD1BDE /* XMLNamespaceableNode.h */ = {isa = PBXFileReference; lastKnownFileType = sourcecode.c.h; name = XMLNamespaceableNode.h; path = "Source Code/Rambler/XML/XMLNamespaceableNode.h"; sourceTree = SOURCE_ROOT; };
		07E76201197C6E0100CD1BDE /* XMLElement.h */ = {isa = PBXFileReference; lastKnownFileType = sourcecode.c.h; name = XMLElement.h; path = "Source Code/Rambler/XML/XMLElement.h"; sourceTree = SOURCE_ROOT; };
		07E76202197C6E1300CD1BDE /* XMLElement.internal.h */ = {isa = PBXFileReference; lastKnownFileType = sourcecode.c.h; name = XMLElement.internal.h; path = "Source Code/Rambler/XML/XMLElement.internal.h"; sourceTree = SOURCE_ROOT; };
		07E76203197C6E2400CD1BDE /* XMLElement.mm */ = {isa = PBXFileReference; fileEncoding = 4; lastKnownFileType = sourcecode.cpp.objcpp; name = XMLElement.mm; path = "Source Code/Rambler/XML/XMLElement.mm"; sourceTree = SOURCE_ROOT; };
		07F36FDE19774472001A00A0 /* Client.hpp */ = {isa = PBXFileReference; lastKnownFileType = sourcecode.cpp.h; path = Client.hpp; sourceTree = "<group>"; };
		07F36FDF197744E1001A00A0 /* Client.cpp */ = {isa = PBXFileReference; fileEncoding = 4; lastKnownFileType = sourcecode.cpp.cpp; path = Client.cpp; sourceTree = "<group>"; };
		07F81461196E2AF300207EC1 /* Conversation.h */ = {isa = PBXFileReference; fileEncoding = 4; lastKnownFileType = sourcecode.c.h; name = Conversation.h; path = "Source Code/Rambler/XMPP/IM/Client/Conversation.h"; sourceTree = SOURCE_ROOT; };
		07F81462196E2AF300207EC1 /* Conversation.mm */ = {isa = PBXFileReference; fileEncoding = 4; lastKnownFileType = sourcecode.cpp.objcpp; name = Conversation.mm; path = "Source Code/Rambler/XMPP/IM/Client/Conversation.mm"; sourceTree = SOURCE_ROOT; };
		07F81463196E2AF300207EC1 /* ConversationController.h */ = {isa = PBXFileReference; fileEncoding = 4; lastKnownFileType = sourcecode.c.h; name = ConversationController.h; path = "Source Code/Rambler/XMPP/IM/Client/ConversationController.h"; sourceTree = SOURCE_ROOT; };
		07F81464196E2AF300207EC1 /* ConversationController.mm */ = {isa = PBXFileReference; fileEncoding = 4; lastKnownFileType = sourcecode.cpp.objcpp; name = ConversationController.mm; path = "Source Code/Rambler/XMPP/IM/Client/ConversationController.mm"; sourceTree = SOURCE_ROOT; };
		07F81465196E2AF300207EC1 /* Message.h */ = {isa = PBXFileReference; fileEncoding = 4; lastKnownFileType = sourcecode.c.h; name = Message.h; path = "Source Code/Rambler/XMPP/IM/Client/Message.h"; sourceTree = SOURCE_ROOT; };
		07F81466196E2AF300207EC1 /* Message.mm */ = {isa = PBXFileReference; fileEncoding = 4; lastKnownFileType = sourcecode.cpp.objcpp; name = Message.mm; path = "Source Code/Rambler/XMPP/IM/Client/Message.mm"; sourceTree = SOURCE_ROOT; };
		07F81467196E2AF300207EC1 /* RosterItem.h */ = {isa = PBXFileReference; fileEncoding = 4; lastKnownFileType = sourcecode.c.h; name = RosterItem.h; path = "Source Code/Rambler/XMPP/IM/Client/RosterItem.h"; sourceTree = SOURCE_ROOT; };
		07F81468196E2AF300207EC1 /* RosterItem.mm */ = {isa = PBXFileReference; fileEncoding = 4; lastKnownFileType = sourcecode.cpp.objcpp; name = RosterItem.mm; path = "Source Code/Rambler/XMPP/IM/Client/RosterItem.mm"; sourceTree = SOURCE_ROOT; };
		07F81469196E2AF300207EC1 /* RosterList.h */ = {isa = PBXFileReference; fileEncoding = 4; lastKnownFileType = sourcecode.c.h; name = RosterList.h; path = "Source Code/Rambler/XMPP/IM/Client/RosterList.h"; sourceTree = SOURCE_ROOT; };
		07F8146A196E2AF300207EC1 /* RosterList.mm */ = {isa = PBXFileReference; fileEncoding = 4; lastKnownFileType = sourcecode.cpp.objcpp; name = RosterList.mm; path = "Source Code/Rambler/XMPP/IM/Client/RosterList.mm"; sourceTree = SOURCE_ROOT; };
		07F81475196E2B0900207EC1 /* JID.h */ = {isa = PBXFileReference; fileEncoding = 4; lastKnownFileType = sourcecode.c.h; name = JID.h; path = "Source Code/Rambler/XMPP/Core/JID.h"; sourceTree = SOURCE_ROOT; };
		07F81476196E2B0900207EC1 /* JID.mm */ = {isa = PBXFileReference; fileEncoding = 4; lastKnownFileType = sourcecode.cpp.objcpp; name = JID.mm; path = "Source Code/Rambler/XMPP/Core/JID.mm"; sourceTree = SOURCE_ROOT; };
		07F81477196E2B0900207EC1 /* XMLStream.h */ = {isa = PBXFileReference; fileEncoding = 4; lastKnownFileType = sourcecode.c.h; name = XMLStream.h; path = "Source Code/Rambler/XMPP/Core/XMLStream.h"; sourceTree = SOURCE_ROOT; };
		07F81478196E2B0900207EC1 /* XMLStream.mm */ = {isa = PBXFileReference; fileEncoding = 4; lastKnownFileType = sourcecode.cpp.objcpp; name = XMLStream.mm; path = "Source Code/Rambler/XMPP/Core/XMLStream.mm"; sourceTree = SOURCE_ROOT; };
		07F8147D196E2B1C00207EC1 /* Connection.h */ = {isa = PBXFileReference; fileEncoding = 4; lastKnownFileType = sourcecode.c.h; name = Connection.h; path = "Source Code/Rambler/Connection/Connection.h"; sourceTree = SOURCE_ROOT; };
		07F8147E196E2B1C00207EC1 /* StreamState.h */ = {isa = PBXFileReference; fileEncoding = 4; lastKnownFileType = sourcecode.c.h; name = StreamState.h; path = "Source Code/Rambler/Connection/StreamState.h"; sourceTree = SOURCE_ROOT; };
		07F8147F196E2B1C00207EC1 /* TCPConnection.h */ = {isa = PBXFileReference; fileEncoding = 4; lastKnownFileType = sourcecode.c.h; name = TCPConnection.h; path = "Source Code/Rambler/Connection/TCPConnection.h"; sourceTree = SOURCE_ROOT; };
		07F81480196E2B1C00207EC1 /* TCPConnection.mm */ = {isa = PBXFileReference; fileEncoding = 4; lastKnownFileType = sourcecode.cpp.objcpp; name = TCPConnection.mm; path = "Source Code/Rambler/Connection/TCPConnection.mm"; sourceTree = SOURCE_ROOT; };
		07F81485196E2B2D00207EC1 /* Rambler.h */ = {isa = PBXFileReference; fileEncoding = 4; lastKnownFileType = sourcecode.c.h; name = Rambler.h; path = "Source Code/Rambler/Rambler.h"; sourceTree = SOURCE_ROOT; };
		07F92317196CFA3B0010E3C4 /* XMLStreamParser_libxml2.hpp */ = {isa = PBXFileReference; lastKnownFileType = sourcecode.cpp.h; path = XMLStreamParser_libxml2.hpp; sourceTree = "<group>"; };
		07F92325196D045F0010E3C4 /* XMLStreamParser.hpp */ = {isa = PBXFileReference; lastKnownFileType = sourcecode.cpp.h; path = XMLStreamParser.hpp; sourceTree = "<group>"; };
		07F92328196D0DB90010E3C4 /* libexpat.dylib */ = {isa = PBXFileReference; lastKnownFileType = "compiled.mach-o.dylib"; name = libexpat.dylib; path = usr/lib/libexpat.dylib; sourceTree = SDKROOT; };
		07F9232A196D0EB90010E3C4 /* XMLStreamParser_expat.hpp */ = {isa = PBXFileReference; lastKnownFileType = sourcecode.cpp.h; path = XMLStreamParser_expat.hpp; sourceTree = "<group>"; };
		07F9232B196D12C30010E3C4 /* XMLStreamParser_expat.cpp */ = {isa = PBXFileReference; fileEncoding = 4; lastKnownFileType = sourcecode.cpp.cpp; path = XMLStreamParser_expat.cpp; sourceTree = "<group>"; };
/* End PBXFileReference section */

/* Begin PBXFrameworksBuildPhase section */
		07461EBC1974E7EC002B3DF3 /* Frameworks */ = {
			isa = PBXFrameworksBuildPhase;
			buildActionMask = 2147483647;
			files = (
				07461ECE1974EB59002B3DF3 /* Foundation.framework in Frameworks */,
				07461EC81974E95F002B3DF3 /* Rambler.framework in Frameworks */,
			);
			runOnlyForDeploymentPostprocessing = 0;
		};
		07D1E6CB1950A833008C76CF /* Frameworks */ = {
			isa = PBXFrameworksBuildPhase;
			buildActionMask = 2147483647;
			files = (
				07F92329196D0DB90010E3C4 /* libexpat.dylib in Frameworks */,
				07D5DD301950B6670041A7F3 /* libxml2.dylib in Frameworks */,
				07D1E6F11950A907008C76CF /* Foundation.framework in Frameworks */,
				079FDC321966514700F9DBC6 /* Security.framework in Frameworks */,
			);
			runOnlyForDeploymentPostprocessing = 0;
		};
		07D1E6D71950A833008C76CF /* Frameworks */ = {
			isa = PBXFrameworksBuildPhase;
			buildActionMask = 2147483647;
			files = (
				07D1E6DB1950A833008C76CF /* Rambler.framework in Frameworks */,
			);
			runOnlyForDeploymentPostprocessing = 0;
		};
/* End PBXFrameworksBuildPhase section */

/* Begin PBXGroup section */
		0715A62D1954F97E004519D9 /* XMPP */ = {
			isa = PBXGroup;
			children = (
				0715A62E1954F987004519D9 /* Core */,
				0715A62F1954F9C8004519D9 /* IM */,
			);
			path = XMPP;
			sourceTree = "<group>";
		};
		0715A62E1954F987004519D9 /* Core */ = {
			isa = PBXGroup;
			children = (
				0715A63B19550DEE004519D9 /* JID.hpp */,
				0715A63C195512A8004519D9 /* JID.cpp */,
				0715A6301954FC6C004519D9 /* XMLStream.hpp */,
				0715A6321954FC82004519D9 /* XMLStream.cpp */,
				07DECDC61963C2F1007938D1 /* XMLStream_Constants.cpp */,
				07333DEC196A46BD0000D8F3 /* XMLStream_Context.cpp */,
				07F92325196D045F0010E3C4 /* XMLStreamParser.hpp */,
				07F9232A196D0EB90010E3C4 /* XMLStreamParser_expat.hpp */,
				07F9232B196D12C30010E3C4 /* XMLStreamParser_expat.cpp */,
				07F92317196CFA3B0010E3C4 /* XMLStreamParser_libxml2.hpp */,
				07BF1F2919638F0700FC8348 /* XMLStreamParser_libxml2.cpp */,
			);
			path = Core;
			sourceTree = "<group>";
		};
		0715A62F1954F9C8004519D9 /* IM */ = {
			isa = PBXGroup;
			children = (
				07A3065C196F799200D9523E /* Client */,
			);
			path = IM;
			sourceTree = "<group>";
		};
		0715A6351955021F004519D9 /* Stream */ = {
			isa = PBXGroup;
			children = (
				0715A6341954FF8E004519D9 /* BidirectionalStream.hpp */,
				0715A63619550276004519D9 /* State.hpp */,
			);
			path = Stream;
			sourceTree = "<group>";
		};
		0739C3E5195BA600006A7EA8 /* XML */ = {
			isa = PBXGroup;
			children = (
				0739C3E7195BB391006A7EA8 /* Attribute.hpp */,
				0739C3E8195BB781006A7EA8 /* Attribute.cpp */,
				0739C3E6195BA6D0006A7EA8 /* Element.hpp */,
				07ABA9FD1960A8A4001543FB /* Element.cpp */,
				0747F28A1960879E003A0D0C /* NameableNode.hpp */,
				0747F28B196088B7003A0D0C /* NameableNode.cpp */,
				0739C3ED195BE296006A7EA8 /* Namespace.hpp */,
				0739C3F0195BE732006A7EA8 /* Namespace.cpp */,
				0747F28D19608C3F003A0D0C /* NamespaceableNode.hpp */,
				0747F28E19608DCB003A0D0C /* NamespaceableNode.cpp */,
				0739C3EA195BC1F7006A7EA8 /* Node.hpp */,
				0739C3EB195BC68C006A7EA8 /* Node.cpp */,
				07ABAA091960B0E4001543FB /* TextNode.hpp */,
				07ABAA0A1960B0EF001543FB /* TextNode.cpp */,
			);
			path = XML;
			sourceTree = "<group>";
		};
		073A3FF8197CE4F100DC670F /* base64 */ = {
			isa = PBXGroup;
			children = (
				07BC78421968AAFE00393657 /* base64.hpp */,
				07BC78361968AA9D00393657 /* base64.cpp */,
			);
			path = base64;
			sourceTree = "<group>";
		};
		073A3FF9197CE50500DC670F /* timestamp */ = {
			isa = PBXGroup;
			children = (
				076FC724197789EB0046A227 /* timestamp.hpp */,
				076FC725197789F90046A227 /* timestamp.mm */,
			);
			path = timestamp;
			sourceTree = "<group>";
		};
		073A3FFA197CE51900DC670F /* uuid */ = {
			isa = PBXGroup;
			children = (
				07D9D966197817D10017D850 /* uuid.hpp */,
				07D9D967197817DF0017D850 /* uuid.cpp */,
			);
			path = uuid;
			sourceTree = "<group>";
		};
		07461EC01974E7EC002B3DF3 /* Example Client (Objective-C) */ = {
			isa = PBXGroup;
			children = (
				07461EC11974E7EC002B3DF3 /* main.mm */,
			);
			name = "Example Client (Objective-C)";
			path = "Examples/Example Client (Objective-C)";
			sourceTree = "<group>";
		};
		078D2A64196E24FF00CF208A /* XMPP */ = {
			isa = PBXGroup;
			children = (
				078D2A65196E250700CF208A /* Core */,
				078D2A66196E250C00CF208A /* IM */,
			);
			path = XMPP;
			sourceTree = "<group>";
		};
		078D2A65196E250700CF208A /* Core */ = {
			isa = PBXGroup;
			children = (
				07F81475196E2B0900207EC1 /* JID.h */,
				07A3066B197085F500D9523E /* JID.internal.h */,
				07F81476196E2B0900207EC1 /* JID.mm */,
				07F81477196E2B0900207EC1 /* XMLStream.h */,
				07F81478196E2B0900207EC1 /* XMLStream.mm */,
			);
			path = Core;
			sourceTree = "<group>";
		};
		078D2A66196E250C00CF208A /* IM */ = {
			isa = PBXGroup;
			children = (
				078D2A67196E251000CF208A /* Client */,
			);
			path = IM;
			sourceTree = "<group>";
		};
		078D2A67196E251000CF208A /* Client */ = {
			isa = PBXGroup;
			children = (
				07F81461196E2AF300207EC1 /* Conversation.h */,
				07F81462196E2AF300207EC1 /* Conversation.mm */,
				07F81463196E2AF300207EC1 /* ConversationController.h */,
				07F81464196E2AF300207EC1 /* ConversationController.mm */,
				07F81465196E2AF300207EC1 /* Message.h */,
				072EAA0E1973784D00B14A42 /* Message.internal.h */,
				07F81466196E2AF300207EC1 /* Message.mm */,
				07F81467196E2AF300207EC1 /* RosterItem.h */,
				07A3066F1970A13800D9523E /* RosterItem.internal.h */,
				07F81468196E2AF300207EC1 /* RosterItem.mm */,
				07F81469196E2AF300207EC1 /* RosterList.h */,
				07A306701970A73700D9523E /* RosterList.internal.h */,
				07F8146A196E2AF300207EC1 /* RosterList.mm */,
				07A3066A197075E600D9523E /* SubscriptionState.h */,
			);
			path = Client;
			sourceTree = "<group>";
		};
		078D2A68196E255000CF208A /* Rambler */ = {
			isa = PBXGroup;
			children = (
				07F81485196E2B2D00207EC1 /* Rambler.h */,
				078D2A69196E25DB00CF208A /* Connection */,
				07E761ED197B75C600CD1BDE /* XML */,
				078D2A64196E24FF00CF208A /* XMPP */,
			);
			path = Rambler;
			sourceTree = "<group>";
		};
		078D2A69196E25DB00CF208A /* Connection */ = {
			isa = PBXGroup;
			children = (
				07F8147D196E2B1C00207EC1 /* Connection.h */,
				07F8147E196E2B1C00207EC1 /* StreamState.h */,
				07F8147F196E2B1C00207EC1 /* TCPConnection.h */,
				073A3FFE197CFD7A00DC670F /* TCPConnection.internal.h */,
				07F81480196E2B1C00207EC1 /* TCPConnection.mm */,
			);
			path = Connection;
			sourceTree = "<group>";
		};
		07A3065C196F799200D9523E /* Client */ = {
			isa = PBXGroup;
			children = (
				073B7D02197877D200B3BF89 /* Conversation.hpp */,
				073B7D01197877D200B3BF89 /* Conversation.cpp */,
				073B7D04197877D200B3BF89 /* ConversationController.hpp */,
				073B7D03197877D200B3BF89 /* ConversationController.cpp */,
				07F36FDE19774472001A00A0 /* Client.hpp */,
				07F36FDF197744E1001A00A0 /* Client.cpp */,
				07D9D969197830D50017D850 /* IQRequestType.hpp */,
				075097601973678800CBBA60 /* Message.hpp */,
				075097611973679400CBBA60 /* Message.cpp */,
				07A3065E196F79B000D9523E /* RosterItem.hpp */,
				07A3065D196F79B000D9523E /* RosterItem.cpp */,
				07A30660196F79B000D9523E /* RosterList.hpp */,
				07A3065F196F79B000D9523E /* RosterList.cpp */,
				07A30661196F79B000D9523E /* SubscriptionState.hpp */,
			);
			path = Client;
			sourceTree = "<group>";
		};
		07BC78451969BF2500393657 /* rambler */ = {
			isa = PBXGroup;
			children = (
				073A3FFC197CFC0600DC670F /* rambler.hpp */,
				0739C3EE195BE40A006A7EA8 /* integer_types.hpp */,
				0700FFE319625F940001283D /* pointer_types.hpp */,
				0739C3EF195BE5D4006A7EA8 /* string_types.hpp */,
				0739C3D9195B9D8F006A7EA8 /* types.hpp */,
				073A3FF8197CE4F100DC670F /* base64 */,
				073A3FF9197CE50500DC670F /* timestamp */,
				073A3FFA197CE51900DC670F /* uuid */,
				07D5DCB51950B18D0041A7F3 /* Connection */,
				07D5DCC81950B1F00041A7F3 /* DNS */,
				0715A6351955021F004519D9 /* Stream */,
				0739C3E5195BA600006A7EA8 /* XML */,
				0715A62D1954F97E004519D9 /* XMPP */,
			);
			path = rambler;
			sourceTree = "<group>";
		};
		07D1E6C51950A833008C76CF = {
			isa = PBXGroup;
			children = (
				07D1E6D11950A833008C76CF /* Rambler */,
				07D5DCB31950B1260041A7F3 /* librambler */,
				07D1E6DE1950A833008C76CF /* Rambler – Tests */,
				07461EC01974E7EC002B3DF3 /* Example Client (Objective-C) */,
				07D1E6F21950A913008C76CF /* Frameworks */,
				07D1E6D01950A833008C76CF /* Products */,
			);
			sourceTree = "<group>";
		};
		07D1E6D01950A833008C76CF /* Products */ = {
			isa = PBXGroup;
			children = (
				07D1E6CF1950A833008C76CF /* Rambler.framework */,
				07D1E6DA1950A833008C76CF /* Rambler – Tests.xctest */,
				07461EBF1974E7EC002B3DF3 /* Example Client (Objective-C) */,
			);
			name = Products;
			sourceTree = "<group>";
		};
		07D1E6D11950A833008C76CF /* Rambler */ = {
			isa = PBXGroup;
			children = (
				07D1E6D21950A833008C76CF /* Resources */,
				07D1E6EB1950A8A6008C76CF /* Source Code */,
			);
			path = Rambler;
			sourceTree = "<group>";
		};
		07D1E6D21950A833008C76CF /* Resources */ = {
			isa = PBXGroup;
			children = (
				07D1E6FF1950AA38008C76CF /* Info.plist */,
			);
			path = Resources;
			sourceTree = "<group>";
		};
		07D1E6DE1950A833008C76CF /* Rambler – Tests */ = {
			isa = PBXGroup;
			children = (
				07D1E6F41950A932008C76CF /* Resources */,
				07D1E6F31950A92B008C76CF /* Source Code */,
			);
			name = "Rambler – Tests";
			path = Tests;
			sourceTree = "<group>";
		};
		07D1E6EB1950A8A6008C76CF /* Source Code */ = {
			isa = PBXGroup;
			children = (
				078D2A68196E255000CF208A /* Rambler */,
			);
			path = "Source Code";
			sourceTree = "<group>";
		};
		07D1E6F21950A913008C76CF /* Frameworks */ = {
			isa = PBXGroup;
			children = (
				07F92328196D0DB90010E3C4 /* libexpat.dylib */,
				079FDC311966514700F9DBC6 /* Security.framework */,
				07D5DD2F1950B6670041A7F3 /* libxml2.dylib */,
				07D1E6F01950A907008C76CF /* Foundation.framework */,
			);
			name = Frameworks;
			sourceTree = "<group>";
		};
		07D1E6F31950A92B008C76CF /* Source Code */ = {
			isa = PBXGroup;
			children = (
				0715A6CB19579204004519D9 /* CreateJIDFromStringTestCase.mm */,
				07BC78431968C1D400393657 /* Base64.mm */,
			);
			path = "Source Code";
			sourceTree = "<group>";
		};
		07D1E6F41950A932008C76CF /* Resources */ = {
			isa = PBXGroup;
			children = (
				07D1E6F51950A9D5008C76CF /* Info.plist */,
			);
			path = Resources;
			sourceTree = "<group>";
		};
		07D5DCB31950B1260041A7F3 /* librambler */ = {
			isa = PBXGroup;
			children = (
				07D5DCB41950B13A0041A7F3 /* Source Code */,
			);
			name = librambler;
			path = ../librambler;
			sourceTree = "<group>";
		};
		07D5DCB41950B13A0041A7F3 /* Source Code */ = {
			isa = PBXGroup;
			children = (
				07BC78451969BF2500393657 /* rambler */,
			);
			path = "Source Code";
			sourceTree = "<group>";
		};
		07D5DCB51950B18D0041A7F3 /* Connection */ = {
			isa = PBXGroup;
			children = (
				07DECDCE19641773007938D1 /* CFNetworkBasedTCPConnection.hpp */,
				070A852E19641B6D00798ABE /* CFNetworkBasedTCPConnection.cpp */,
				07DECDCB19641495007938D1 /* TCPConnection.hpp */,
				07DECDCC196414AC007938D1 /* TCPConnection.cpp */,
			);
			path = Connection;
			sourceTree = "<group>";
		};
		07D5DCC81950B1F00041A7F3 /* DNS */ = {
			isa = PBXGroup;
			children = (
				07D5DCC91950B2110041A7F3 /* dns_utilities.cpp */,
				07D5DCCA1950B2110041A7F3 /* dns_utilities.h */,
				07D5DCCB1950B2110041A7F3 /* SRVRecordResolver_CFNetwork.cpp */,
				07D5DCCC1950B2110041A7F3 /* SRVRecordResolver_CFNetwork.h */,
			);
			path = DNS;
			sourceTree = "<group>";
		};
		07E761ED197B75C600CD1BDE /* XML */ = {
			isa = PBXGroup;
			children = (
				07E761F8197B83FD00CD1BDE /* XMLNameableNode.h */,
				07E761F9197B850A00CD1BDE /* XMLNamespace.h */,
				07E761FA197B851800CD1BDE /* XMLNamespace.internal.h */,
				07E761FB197B852500CD1BDE /* XMLNamespace.mm */,
				07E76200197B959D00CD1BDE /* XMLNamespaceableNode.h */,
				07E761F1197B76DD00CD1BDE /* XMLNode.h */,
				07E761F4197B789700CD1BDE /* XMLTextNode.h */,
				07E761F5197B78B100CD1BDE /* XMLTextNode.internal.h */,
				07E761F6197B78D300CD1BDE /* XMLTextNode.mm */,
				07E76201197C6E0100CD1BDE /* XMLElement.h */,
				07E76202197C6E1300CD1BDE /* XMLElement.internal.h */,
				07E76203197C6E2400CD1BDE /* XMLElement.mm */,
			);
			path = XML;
			sourceTree = "<group>";
		};
/* End PBXGroup section */

/* Begin PBXHeadersBuildPhase section */
		07D1E6CC1950A833008C76CF /* Headers */ = {
			isa = PBXHeadersBuildPhase;
			buildActionMask = 2147483647;
			files = (
				0715A6CA1957872E004519D9 /* JID.hpp in Headers */,
				07F8147B196E2B0900207EC1 /* XMLStream.h in Headers */,
				07F81473196E2AF300207EC1 /* RosterList.h in Headers */,
				073B7D08197877D200B3BF89 /* ConversationController.hpp in Headers */,
				073B7D06197877D200B3BF89 /* Conversation.hpp in Headers */,
				07A3066E1970870700D9523E /* JID.internal.h in Headers */,
				0739C3DA195B9D8F006A7EA8 /* types.hpp in Headers */,
				07F81486196E2B2D00207EC1 /* Rambler.h in Headers */,
				073A3FFD197CFC0600DC670F /* rambler.hpp in Headers */,
				07D5DCCE1950B2110041A7F3 /* dns_utilities.h in Headers */,
				07E761FE197B8A5700CD1BDE /* XMLNamespace.h in Headers */,
				0715A6311954FC6C004519D9 /* XMLStream.hpp in Headers */,
				07F81483196E2B1C00207EC1 /* TCPConnection.h in Headers */,
				07F8146F196E2AF300207EC1 /* Message.h in Headers */,
				07A30663196F79B000D9523E /* RosterItem.hpp in Headers */,
				07F81471196E2AF300207EC1 /* RosterItem.h in Headers */,
				07D5DCD01950B2110041A7F3 /* SRVRecordResolver_CFNetwork.h in Headers */,
				07E761FD197B8A5700CD1BDE /* XMLNameableNode.h in Headers */,
				07F8146B196E2AF300207EC1 /* Conversation.h in Headers */,
				07A30666196F79B000D9523E /* SubscriptionState.hpp in Headers */,
				07F81479196E2B0900207EC1 /* JID.h in Headers */,
				07E76205197C6EBC00CD1BDE /* XMLElement.h in Headers */,
				07F8146D196E2AF300207EC1 /* ConversationController.h in Headers */,
				07F81482196E2B1C00207EC1 /* StreamState.h in Headers */,
				07F81481196E2B1C00207EC1 /* Connection.h in Headers */,
				07E761F2197B77DD00CD1BDE /* XMLNode.h in Headers */,
				07A30665196F79B000D9523E /* RosterList.hpp in Headers */,
				07E76206197C6EC500CD1BDE /* XMLNamespaceableNode.h in Headers */,
				07E761FF197B8A5700CD1BDE /* XMLTextNode.h in Headers */,
			);
			runOnlyForDeploymentPostprocessing = 0;
		};
/* End PBXHeadersBuildPhase section */

/* Begin PBXNativeTarget section */
		07461EBE1974E7EC002B3DF3 /* Example Client (Objective-C) */ = {
			isa = PBXNativeTarget;
			buildConfigurationList = 07461EC51974E7EC002B3DF3 /* Build configuration list for PBXNativeTarget "Example Client (Objective-C)" */;
			buildPhases = (
				07461EBB1974E7EC002B3DF3 /* Sources */,
				07461EBC1974E7EC002B3DF3 /* Frameworks */,
				07461EBD1974E7EC002B3DF3 /* CopyFiles */,
			);
			buildRules = (
			);
			dependencies = (
				07461EC71974E957002B3DF3 /* PBXTargetDependency */,
			);
			name = "Example Client (Objective-C)";
			productName = "Example Client (Objective-C)";
			productReference = 07461EBF1974E7EC002B3DF3 /* Example Client (Objective-C) */;
			productType = "com.apple.product-type.tool";
		};
		07D1E6CE1950A833008C76CF /* Rambler */ = {
			isa = PBXNativeTarget;
			buildConfigurationList = 07D1E6E51950A833008C76CF /* Build configuration list for PBXNativeTarget "Rambler" */;
			buildPhases = (
				07D1E6CA1950A833008C76CF /* Sources */,
				07D1E6CB1950A833008C76CF /* Frameworks */,
				07D1E6CC1950A833008C76CF /* Headers */,
				07D1E6CD1950A833008C76CF /* Resources */,
				07D5DCB21950B0AD0041A7F3 /* CopyFiles */,
			);
			buildRules = (
			);
			dependencies = (
			);
			name = Rambler;
			productName = Rambler;
			productReference = 07D1E6CF1950A833008C76CF /* Rambler.framework */;
			productType = "com.apple.product-type.framework";
		};
		07D1E6D91950A833008C76CF /* Rambler – Tests */ = {
			isa = PBXNativeTarget;
			buildConfigurationList = 07D1E6E81950A833008C76CF /* Build configuration list for PBXNativeTarget "Rambler – Tests" */;
			buildPhases = (
				07D1E6D61950A833008C76CF /* Sources */,
				07D1E6D71950A833008C76CF /* Frameworks */,
				07D1E6D81950A833008C76CF /* Resources */,
			);
			buildRules = (
			);
			dependencies = (
				07D1E6DD1950A833008C76CF /* PBXTargetDependency */,
				07D1E6FA1950AA05008C76CF /* PBXTargetDependency */,
				07D1E6FC1950AA05008C76CF /* PBXTargetDependency */,
				07D1E6FE1950AA23008C76CF /* PBXTargetDependency */,
				07D5DC9D1950AF500041A7F3 /* PBXTargetDependency */,
				07D5DC9F1950AF500041A7F3 /* PBXTargetDependency */,
				07D5DCA11950AF670041A7F3 /* PBXTargetDependency */,
				07D5DCA31950AFB60041A7F3 /* PBXTargetDependency */,
				07D5DCA81950AFED0041A7F3 /* PBXTargetDependency */,
			);
			name = "Rambler – Tests";
			productName = RamblerTests;
			productReference = 07D1E6DA1950A833008C76CF /* Rambler – Tests.xctest */;
			productType = "com.apple.product-type.bundle.unit-test";
		};
/* End PBXNativeTarget section */

/* Begin PBXProject section */
		07D1E6C61950A833008C76CF /* Project object */ = {
			isa = PBXProject;
			attributes = {
				LastUpgradeCheck = 0600;
				ORGANIZATIONNAME = DampKeg;
				TargetAttributes = {
					07461EBE1974E7EC002B3DF3 = {
						CreatedOnToolsVersion = 6.0;
					};
					07D1E6CE1950A833008C76CF = {
						CreatedOnToolsVersion = 6.0;
					};
					07D1E6D91950A833008C76CF = {
						CreatedOnToolsVersion = 6.0;
						TestTargetID = 07D1E6CE1950A833008C76CF;
					};
				};
			};
			buildConfigurationList = 07D1E6C91950A833008C76CF /* Build configuration list for PBXProject "Rambler" */;
			compatibilityVersion = "Xcode 3.2";
			developmentRegion = English;
			hasScannedForEncodings = 0;
			knownRegions = (
				en,
			);
			mainGroup = 07D1E6C51950A833008C76CF;
			productRefGroup = 07D1E6D01950A833008C76CF /* Products */;
			projectDirPath = "";
			projectRoot = "";
			targets = (
				07D1E6CE1950A833008C76CF /* Rambler */,
				07D1E6D91950A833008C76CF /* Rambler – Tests */,
				07461EBE1974E7EC002B3DF3 /* Example Client (Objective-C) */,
			);
		};
/* End PBXProject section */

/* Begin PBXResourcesBuildPhase section */
		07D1E6CD1950A833008C76CF /* Resources */ = {
			isa = PBXResourcesBuildPhase;
			buildActionMask = 2147483647;
			files = (
			);
			runOnlyForDeploymentPostprocessing = 0;
		};
		07D1E6D81950A833008C76CF /* Resources */ = {
			isa = PBXResourcesBuildPhase;
			buildActionMask = 2147483647;
			files = (
			);
			runOnlyForDeploymentPostprocessing = 0;
		};
/* End PBXResourcesBuildPhase section */

/* Begin PBXSourcesBuildPhase section */
		07461EBB1974E7EC002B3DF3 /* Sources */ = {
			isa = PBXSourcesBuildPhase;
			buildActionMask = 2147483647;
			files = (
				07461EC21974E7EC002B3DF3 /* main.mm in Sources */,
			);
			runOnlyForDeploymentPostprocessing = 0;
		};
		07D1E6CA1950A833008C76CF /* Sources */ = {
			isa = PBXSourcesBuildPhase;
			buildActionMask = 2147483647;
			files = (
				07D9D968197817DF0017D850 /* uuid.cpp in Sources */,
				07E761FC197B852500CD1BDE /* XMLNamespace.mm in Sources */,
				076FC726197789F90046A227 /* timestamp.mm in Sources */,
				073A3FFB197CE6DE00DC670F /* XMLStreamParser_expat.cpp in Sources */,
				070A852F19641B6D00798ABE /* CFNetworkBasedTCPConnection.cpp in Sources */,
				075097621973679400CBBA60 /* Message.cpp in Sources */,
				07DECDC71963C2F1007938D1 /* XMLStream_Constants.cpp in Sources */,
				07ABAA0B1960B0EF001543FB /* TextNode.cpp in Sources */,
				07F8147C196E2B0900207EC1 /* XMLStream.mm in Sources */,
				0739C3F1195BE732006A7EA8 /* Namespace.cpp in Sources */,
				07F8147A196E2B0900207EC1 /* JID.mm in Sources */,
				07D5DCCF1950B2110041A7F3 /* SRVRecordResolver_CFNetwork.cpp in Sources */,
				07F1F14019777110005C3966 /* RosterList.cpp in Sources */,
				07E76204197C6E2400CD1BDE /* XMLElement.mm in Sources */,
				073B7D05197877D200B3BF89 /* Conversation.cpp in Sources */,
				0747F28F19608DCB003A0D0C /* NamespaceableNode.cpp in Sources */,
				07F81470196E2AF300207EC1 /* Message.mm in Sources */,
				07F81484196E2B1C00207EC1 /* TCPConnection.mm in Sources */,
				0715A6331954FC82004519D9 /* XMLStream.cpp in Sources */,
				07D5DCCD1950B2110041A7F3 /* dns_utilities.cpp in Sources */,
				0739C3E9195BB781006A7EA8 /* Attribute.cpp in Sources */,
				07DECDCD196414AC007938D1 /* TCPConnection.cpp in Sources */,
				073B7D07197877D200B3BF89 /* ConversationController.cpp in Sources */,
				07ABA9FE1960A8A4001543FB /* Element.cpp in Sources */,
				07A30662196F79B000D9523E /* RosterItem.cpp in Sources */,
				0747F28C196088B7003A0D0C /* NameableNode.cpp in Sources */,
				07BC78371968AA9D00393657 /* base64.cpp in Sources */,
				07F81472196E2AF300207EC1 /* RosterItem.mm in Sources */,
				0715A63D195512A8004519D9 /* JID.cpp in Sources */,
				07F36FE0197744E1001A00A0 /* Client.cpp in Sources */,
				0739C3EC195BC68C006A7EA8 /* Node.cpp in Sources */,
				07E761F7197B78D300CD1BDE /* XMLTextNode.mm in Sources */,
				07333DED196A46BD0000D8F3 /* XMLStream_Context.cpp in Sources */,
			);
			runOnlyForDeploymentPostprocessing = 0;
		};
		07D1E6D61950A833008C76CF /* Sources */ = {
			isa = PBXSourcesBuildPhase;
			buildActionMask = 2147483647;
			files = (
				07BC78441968C1D400393657 /* Base64.mm in Sources */,
				0715A6CC19579204004519D9 /* CreateJIDFromStringTestCase.mm in Sources */,
			);
			runOnlyForDeploymentPostprocessing = 0;
		};
/* End PBXSourcesBuildPhase section */

/* Begin PBXTargetDependency section */
		07461EC71974E957002B3DF3 /* PBXTargetDependency */ = {
			isa = PBXTargetDependency;
			target = 07D1E6CE1950A833008C76CF /* Rambler */;
			targetProxy = 07461EC61974E957002B3DF3 /* PBXContainerItemProxy */;
		};
		07D1E6DD1950A833008C76CF /* PBXTargetDependency */ = {
			isa = PBXTargetDependency;
			target = 07D1E6CE1950A833008C76CF /* Rambler */;
			targetProxy = 07D1E6DC1950A833008C76CF /* PBXContainerItemProxy */;
		};
		07D1E6FA1950AA05008C76CF /* PBXTargetDependency */ = {
			isa = PBXTargetDependency;
			target = 07D1E6CE1950A833008C76CF /* Rambler */;
			targetProxy = 07D1E6F91950AA05008C76CF /* PBXContainerItemProxy */;
		};
		07D1E6FC1950AA05008C76CF /* PBXTargetDependency */ = {
			isa = PBXTargetDependency;
			target = 07D1E6CE1950A833008C76CF /* Rambler */;
			targetProxy = 07D1E6FB1950AA05008C76CF /* PBXContainerItemProxy */;
		};
		07D1E6FE1950AA23008C76CF /* PBXTargetDependency */ = {
			isa = PBXTargetDependency;
			target = 07D1E6CE1950A833008C76CF /* Rambler */;
			targetProxy = 07D1E6FD1950AA23008C76CF /* PBXContainerItemProxy */;
		};
		07D5DC9D1950AF500041A7F3 /* PBXTargetDependency */ = {
			isa = PBXTargetDependency;
			target = 07D1E6CE1950A833008C76CF /* Rambler */;
			targetProxy = 07D5DC9C1950AF500041A7F3 /* PBXContainerItemProxy */;
		};
		07D5DC9F1950AF500041A7F3 /* PBXTargetDependency */ = {
			isa = PBXTargetDependency;
			target = 07D1E6CE1950A833008C76CF /* Rambler */;
			targetProxy = 07D5DC9E1950AF500041A7F3 /* PBXContainerItemProxy */;
		};
		07D5DCA11950AF670041A7F3 /* PBXTargetDependency */ = {
			isa = PBXTargetDependency;
			target = 07D1E6CE1950A833008C76CF /* Rambler */;
			targetProxy = 07D5DCA01950AF670041A7F3 /* PBXContainerItemProxy */;
		};
		07D5DCA31950AFB60041A7F3 /* PBXTargetDependency */ = {
			isa = PBXTargetDependency;
			target = 07D1E6CE1950A833008C76CF /* Rambler */;
			targetProxy = 07D5DCA21950AFB60041A7F3 /* PBXContainerItemProxy */;
		};
		07D5DCA81950AFED0041A7F3 /* PBXTargetDependency */ = {
			isa = PBXTargetDependency;
			target = 07D1E6CE1950A833008C76CF /* Rambler */;
			targetProxy = 07D5DCA71950AFED0041A7F3 /* PBXContainerItemProxy */;
		};
/* End PBXTargetDependency section */

/* Begin XCBuildConfiguration section */
		07461EC31974E7EC002B3DF3 /* Debug */ = {
			isa = XCBuildConfiguration;
			buildSettings = {
				GCC_PREPROCESSOR_DEFINITIONS = (
					"DEBUG=1",
					"$(inherited)",
				);
				MTL_ENABLE_DEBUG_INFO = YES;
				PRODUCT_NAME = "$(TARGET_NAME)";
			};
			name = Debug;
		};
		07461EC41974E7EC002B3DF3 /* Release */ = {
			isa = XCBuildConfiguration;
			buildSettings = {
				MTL_ENABLE_DEBUG_INFO = NO;
				PRODUCT_NAME = "$(TARGET_NAME)";
			};
			name = Release;
		};
		07D1E6E31950A833008C76CF /* Debug */ = {
			isa = XCBuildConfiguration;
			buildSettings = {
				ALWAYS_SEARCH_USER_PATHS = NO;
				CLANG_CXX_LANGUAGE_STANDARD = "c++14";
				CLANG_CXX_LIBRARY = "libc++";
				CLANG_ENABLE_MODULES = YES;
				CLANG_ENABLE_OBJC_ARC = YES;
				CLANG_WARN_BOOL_CONVERSION = YES;
				CLANG_WARN_CONSTANT_CONVERSION = YES;
				CLANG_WARN_DIRECT_OBJC_ISA_USAGE = YES_ERROR;
				CLANG_WARN_EMPTY_BODY = YES;
				CLANG_WARN_ENUM_CONVERSION = YES;
				CLANG_WARN_INT_CONVERSION = YES;
				CLANG_WARN_OBJC_ROOT_CLASS = YES_ERROR;
				CLANG_WARN_UNREACHABLE_CODE = YES;
				CLANG_WARN__DUPLICATE_METHOD_MATCH = YES;
				COPY_PHASE_STRIP = NO;
				CURRENT_PROJECT_VERSION = 1;
				ENABLE_STRICT_OBJC_MSGSEND = YES;
				GCC_C_LANGUAGE_STANDARD = c11;
				GCC_DYNAMIC_NO_PIC = NO;
				GCC_OPTIMIZATION_LEVEL = 0;
				GCC_PREPROCESSOR_DEFINITIONS = (
					"DEBUG=1",
					"$(inherited)",
				);
				GCC_SYMBOLS_PRIVATE_EXTERN = NO;
				GCC_WARN_64_TO_32_BIT_CONVERSION = YES;
				GCC_WARN_ABOUT_RETURN_TYPE = YES_ERROR;
				GCC_WARN_UNDECLARED_SELECTOR = YES;
				GCC_WARN_UNINITIALIZED_AUTOS = YES_AGGRESSIVE;
				GCC_WARN_UNUSED_FUNCTION = YES;
				GCC_WARN_UNUSED_VARIABLE = YES;
				HEADER_SEARCH_PATHS = (
					"$(inherited)",
					"/Applications/Xcode6-Beta2.app/Contents/Developer/Toolchains/XcodeDefault.xctoolchain/usr/include",
					/usr/include/libxml2,
				);
				MACOSX_DEPLOYMENT_TARGET = 10.9;
				METAL_ENABLE_DEBUG_INFO = YES;
				ONLY_ACTIVE_ARCH = YES;
				SDKROOT = macosx;
				USER_HEADER_SEARCH_PATHS = "$(SRCROOT)/../librambler/Source\\ Code/";
				VERSIONING_SYSTEM = "apple-generic";
				VERSION_INFO_PREFIX = "";
			};
			name = Debug;
		};
		07D1E6E41950A833008C76CF /* Release */ = {
			isa = XCBuildConfiguration;
			buildSettings = {
				ALWAYS_SEARCH_USER_PATHS = NO;
				CLANG_CXX_LANGUAGE_STANDARD = "c++14";
				CLANG_CXX_LIBRARY = "libc++";
				CLANG_ENABLE_MODULES = YES;
				CLANG_ENABLE_OBJC_ARC = YES;
				CLANG_WARN_BOOL_CONVERSION = YES;
				CLANG_WARN_CONSTANT_CONVERSION = YES;
				CLANG_WARN_DIRECT_OBJC_ISA_USAGE = YES_ERROR;
				CLANG_WARN_EMPTY_BODY = YES;
				CLANG_WARN_ENUM_CONVERSION = YES;
				CLANG_WARN_INT_CONVERSION = YES;
				CLANG_WARN_OBJC_ROOT_CLASS = YES_ERROR;
				CLANG_WARN_UNREACHABLE_CODE = YES;
				CLANG_WARN__DUPLICATE_METHOD_MATCH = YES;
				COPY_PHASE_STRIP = YES;
				CURRENT_PROJECT_VERSION = 1;
				DEBUG_INFORMATION_FORMAT = "dwarf-with-dsym";
				ENABLE_NS_ASSERTIONS = NO;
				ENABLE_STRICT_OBJC_MSGSEND = YES;
				GCC_C_LANGUAGE_STANDARD = c11;
				GCC_WARN_64_TO_32_BIT_CONVERSION = YES;
				GCC_WARN_ABOUT_RETURN_TYPE = YES_ERROR;
				GCC_WARN_UNDECLARED_SELECTOR = YES;
				GCC_WARN_UNINITIALIZED_AUTOS = YES_AGGRESSIVE;
				GCC_WARN_UNUSED_FUNCTION = YES;
				GCC_WARN_UNUSED_VARIABLE = YES;
				HEADER_SEARCH_PATHS = (
					"$(inherited)",
					"/Applications/Xcode6-Beta2.app/Contents/Developer/Toolchains/XcodeDefault.xctoolchain/usr/include",
					/usr/include/libxml2,
				);
				MACOSX_DEPLOYMENT_TARGET = 10.9;
				METAL_ENABLE_DEBUG_INFO = NO;
				SDKROOT = macosx;
				USER_HEADER_SEARCH_PATHS = "$(SRCROOT)/../librambler/Source\\ Code/";
				VERSIONING_SYSTEM = "apple-generic";
				VERSION_INFO_PREFIX = "";
			};
			name = Release;
		};
		07D1E6E61950A833008C76CF /* Debug */ = {
			isa = XCBuildConfiguration;
			buildSettings = {
				COMBINE_HIDPI_IMAGES = YES;
				DEFINES_MODULE = YES;
				DYLIB_COMPATIBILITY_VERSION = 1;
				DYLIB_CURRENT_VERSION = 1;
				DYLIB_INSTALL_NAME_BASE = "@rpath";
				FRAMEWORK_VERSION = A;
				INFOPLIST_FILE = "$(SRCROOT)/Resources/Info.plist";
				INSTALL_PATH = "$(LOCAL_LIBRARY_DIR)/Frameworks";
				LD_RUNPATH_SEARCH_PATHS = "$(inherited) @executable_path/../Frameworks @loader_path/../Frameworks";
				PRODUCT_NAME = "$(TARGET_NAME)";
				SKIP_INSTALL = YES;
			};
			name = Debug;
		};
		07D1E6E71950A833008C76CF /* Release */ = {
			isa = XCBuildConfiguration;
			buildSettings = {
				COMBINE_HIDPI_IMAGES = YES;
				DEFINES_MODULE = YES;
				DYLIB_COMPATIBILITY_VERSION = 1;
				DYLIB_CURRENT_VERSION = 1;
				DYLIB_INSTALL_NAME_BASE = "@rpath";
				FRAMEWORK_VERSION = A;
				INFOPLIST_FILE = "$(SRCROOT)/Resources/Info.plist";
				INSTALL_PATH = "$(LOCAL_LIBRARY_DIR)/Frameworks";
				LD_RUNPATH_SEARCH_PATHS = "$(inherited) @executable_path/../Frameworks @loader_path/../Frameworks";
				PRODUCT_NAME = "$(TARGET_NAME)";
				SKIP_INSTALL = YES;
			};
			name = Release;
		};
		07D1E6E91950A833008C76CF /* Debug */ = {
			isa = XCBuildConfiguration;
			buildSettings = {
				COMBINE_HIDPI_IMAGES = YES;
				FRAMEWORK_SEARCH_PATHS = (
					"$(DEVELOPER_FRAMEWORKS_DIR)",
					"$(inherited)",
				);
				GCC_PREPROCESSOR_DEFINITIONS = (
					"DEBUG=1",
					"$(inherited)",
				);
				INFOPLIST_FILE = Resources/Info.plist;
				LD_RUNPATH_SEARCH_PATHS = "$(inherited) @executable_path/../Frameworks @loader_path/../Frameworks";
				METAL_ENABLE_DEBUG_INFO = YES;
				PRODUCT_NAME = "$(TARGET_NAME)";
				TEST_BASELINE_FILE = "";
			};
			name = Debug;
		};
		07D1E6EA1950A833008C76CF /* Release */ = {
			isa = XCBuildConfiguration;
			buildSettings = {
				COMBINE_HIDPI_IMAGES = YES;
				FRAMEWORK_SEARCH_PATHS = (
					"$(DEVELOPER_FRAMEWORKS_DIR)",
					"$(inherited)",
				);
				INFOPLIST_FILE = Resources/Info.plist;
				LD_RUNPATH_SEARCH_PATHS = "$(inherited) @executable_path/../Frameworks @loader_path/../Frameworks";
				METAL_ENABLE_DEBUG_INFO = NO;
				PRODUCT_NAME = "$(TARGET_NAME)";
				TEST_BASELINE_FILE = "";
			};
			name = Release;
		};
/* End XCBuildConfiguration section */

/* Begin XCConfigurationList section */
		07461EC51974E7EC002B3DF3 /* Build configuration list for PBXNativeTarget "Example Client (Objective-C)" */ = {
			isa = XCConfigurationList;
			buildConfigurations = (
				07461EC31974E7EC002B3DF3 /* Debug */,
				07461EC41974E7EC002B3DF3 /* Release */,
			);
			defaultConfigurationIsVisible = 0;
			defaultConfigurationName = Release;
		};
		07D1E6C91950A833008C76CF /* Build configuration list for PBXProject "Rambler" */ = {
			isa = XCConfigurationList;
			buildConfigurations = (
				07D1E6E31950A833008C76CF /* Debug */,
				07D1E6E41950A833008C76CF /* Release */,
			);
			defaultConfigurationIsVisible = 0;
			defaultConfigurationName = Release;
		};
		07D1E6E51950A833008C76CF /* Build configuration list for PBXNativeTarget "Rambler" */ = {
			isa = XCConfigurationList;
			buildConfigurations = (
				07D1E6E61950A833008C76CF /* Debug */,
				07D1E6E71950A833008C76CF /* Release */,
			);
			defaultConfigurationIsVisible = 0;
			defaultConfigurationName = Release;
		};
		07D1E6E81950A833008C76CF /* Build configuration list for PBXNativeTarget "Rambler – Tests" */ = {
			isa = XCConfigurationList;
			buildConfigurations = (
				07D1E6E91950A833008C76CF /* Debug */,
				07D1E6EA1950A833008C76CF /* Release */,
			);
			defaultConfigurationIsVisible = 0;
			defaultConfigurationName = Release;
		};
/* End XCConfigurationList section */
	};
	rootObject = 07D1E6C61950A833008C76CF /* Project object */;
}
