// !$*UTF8*$!
{
	archiveVersion = 1;
	classes = {
	};
	objectVersion = 46;
	objects = {

/* Begin PBXBuildFile section */
		070B9760197F6B5800873940 /* LoginWindowController.swift in Sources */ = {isa = PBXBuildFile; fileRef = 070B975F197F6B5800873940 /* LoginWindowController.swift */; };
		070B976B197F6EBF00873940 /* Rambler.framework in Frameworks */ = {isa = PBXBuildFile; fileRef = 0735E113197476A200AE5136 /* Rambler.framework */; };
		070B976C197F6EBF00873940 /* Rambler.framework in Embed Frameworks */ = {isa = PBXBuildFile; fileRef = 0735E113197476A200AE5136 /* Rambler.framework */; settings = {ATTRIBUTES = (CodeSignOnCopy, ); }; };
		0735E0EF1974747100AE5136 /* AddContact.xib in Resources */ = {isa = PBXBuildFile; fileRef = 0735E0DD1974747100AE5136 /* AddContact.xib */; };
		0735E0F01974747100AE5136 /* ChatBox.xib in Resources */ = {isa = PBXBuildFile; fileRef = 0735E0DF1974747100AE5136 /* ChatBox.xib */; };
		0735E0F11974747100AE5136 /* ContactProfile.xib in Resources */ = {isa = PBXBuildFile; fileRef = 0735E0E11974747100AE5136 /* ContactProfile.xib */; };
		0735E0F41974747100AE5136 /* MainMenu.xib in Resources */ = {isa = PBXBuildFile; fileRef = 0735E0E71974747100AE5136 /* MainMenu.xib */; };
		0735E0F51974747100AE5136 /* PrefWindow.xib in Resources */ = {isa = PBXBuildFile; fileRef = 0735E0E91974747100AE5136 /* PrefWindow.xib */; };
		0735E0F61974747100AE5136 /* ProfileUpdate.xib in Resources */ = {isa = PBXBuildFile; fileRef = 0735E0EB1974747100AE5136 /* ProfileUpdate.xib */; };
		0735E0F91974748A00AE5136 /* Images.xcassets in Resources */ = {isa = PBXBuildFile; fileRef = 0735E0F81974748A00AE5136 /* Images.xcassets */; };
		0735E0FE197474D700AE5136 /* AppDelegate.swift in Sources */ = {isa = PBXBuildFile; fileRef = 0735E0FA197474D700AE5136 /* AppDelegate.swift */; };
		0735E0FF197474D700AE5136 /* main.swift in Sources */ = {isa = PBXBuildFile; fileRef = 0735E0FB197474D700AE5136 /* main.swift */; };
		0735E100197474D700AE5136 /* PlainAuthenticationCredentials.swift in Sources */ = {isa = PBXBuildFile; fileRef = 0735E0FC197474D700AE5136 /* PlainAuthenticationCredentials.swift */; };
		0735E1081974760000AE5136 /* Damp_KegTests.swift in Sources */ = {isa = PBXBuildFile; fileRef = 0735E106197475A600AE5136 /* Damp_KegTests.swift */; };
		07BC4324197FE02900FFFAFB /* RosterListWindowController.swift in Sources */ = {isa = PBXBuildFile; fileRef = 07BC4323197FE02900FFFAFB /* RosterListWindowController.swift */; };
		07BC4328197FECCC00FFFAFB /* RosterListViewItem.swift in Sources */ = {isa = PBXBuildFile; fileRef = 07BC4327197FECCC00FFFAFB /* RosterListViewItem.swift */; };
		07BC432A198015F500FFFAFB /* ConversationWindowController.swift in Sources */ = {isa = PBXBuildFile; fileRef = 07BC4329198015F500FFFAFB /* ConversationWindowController.swift */; };
		5403B53C1975AF7300327BFA /* GroupChatBox.xib in Resources */ = {isa = PBXBuildFile; fileRef = 5403B53A1975AF7300327BFA /* GroupChatBox.xib */; };
		54C166401975CEAA000F5B9E /* LoginWindow.xib in Resources */ = {isa = PBXBuildFile; fileRef = 54C1663C1975CEAA000F5B9E /* LoginWindow.xib */; };
		54C166411975CEAA000F5B9E /* RosterList.xib in Resources */ = {isa = PBXBuildFile; fileRef = 54C1663E1975CEAA000F5B9E /* RosterList.xib */; };
/* End PBXBuildFile section */

/* Begin PBXContainerItemProxy section */
		070B976D197F6EBF00873940 /* PBXContainerItemProxy */ = {
			isa = PBXContainerItemProxy;
			containerPortal = 0735E10D197476A200AE5136 /* Rambler.xcodeproj */;
			proxyType = 1;
			remoteGlobalIDString = 07D1E6CE1950A833008C76CF;
			remoteInfo = Rambler;
		};
		0735E0C91974732100AE5136 /* PBXContainerItemProxy */ = {
			isa = PBXContainerItemProxy;
			containerPortal = 0735E0AE1974732000AE5136 /* Project object */;
			proxyType = 1;
			remoteGlobalIDString = 0735E0B51974732000AE5136;
			remoteInfo = DampKeg;
		};
		0735E1091974760400AE5136 /* PBXContainerItemProxy */ = {
			isa = PBXContainerItemProxy;
			containerPortal = 0735E0AE1974732000AE5136 /* Project object */;
			proxyType = 1;
			remoteGlobalIDString = 0735E0B51974732000AE5136;
			remoteInfo = DampKeg;
		};
		0735E10B1974760500AE5136 /* PBXContainerItemProxy */ = {
			isa = PBXContainerItemProxy;
			containerPortal = 0735E0AE1974732000AE5136 /* Project object */;
			proxyType = 1;
			remoteGlobalIDString = 0735E0B51974732000AE5136;
			remoteInfo = DampKeg;
		};
		0735E112197476A200AE5136 /* PBXContainerItemProxy */ = {
			isa = PBXContainerItemProxy;
			containerPortal = 0735E10D197476A200AE5136 /* Rambler.xcodeproj */;
			proxyType = 2;
			remoteGlobalIDString = 07D1E6CF1950A833008C76CF;
			remoteInfo = Rambler;
		};
		0735E114197476A200AE5136 /* PBXContainerItemProxy */ = {
			isa = PBXContainerItemProxy;
			containerPortal = 0735E10D197476A200AE5136 /* Rambler.xcodeproj */;
			proxyType = 2;
			remoteGlobalIDString = 07D1E6DA1950A833008C76CF;
			remoteInfo = "Rambler – Tests";
		};
		07461ECC1974E99D002B3DF3 /* PBXContainerItemProxy */ = {
			isa = PBXContainerItemProxy;
			containerPortal = 0735E10D197476A200AE5136 /* Rambler.xcodeproj */;
			proxyType = 2;
			remoteGlobalIDString = 07461EBF1974E7EC002B3DF3;
			remoteInfo = "Example Client (Objective-C)";
		};
/* End PBXContainerItemProxy section */

/* Begin PBXCopyFilesBuildPhase section */
		070B976F197F6EBF00873940 /* Embed Frameworks */ = {
			isa = PBXCopyFilesBuildPhase;
			buildActionMask = 2147483647;
			dstPath = "";
			dstSubfolderSpec = 10;
			files = (
				070B976C197F6EBF00873940 /* Rambler.framework in Embed Frameworks */,
			);
			name = "Embed Frameworks";
			runOnlyForDeploymentPostprocessing = 0;
		};
/* End PBXCopyFilesBuildPhase section */

/* Begin PBXFileReference section */
		070B975F197F6B5800873940 /* LoginWindowController.swift */ = {isa = PBXFileReference; fileEncoding = 4; lastKnownFileType = sourcecode.swift; path = LoginWindowController.swift; sourceTree = "<group>"; };
		0735E0B61974732000AE5136 /* DampKeg.app */ = {isa = PBXFileReference; explicitFileType = wrapper.application; includeInIndex = 0; path = DampKeg.app; sourceTree = BUILT_PRODUCTS_DIR; };
		0735E0C81974732100AE5136 /* DampKegTests.xctest */ = {isa = PBXFileReference; explicitFileType = wrapper.cfbundle; includeInIndex = 0; path = DampKegTests.xctest; sourceTree = BUILT_PRODUCTS_DIR; };
		0735E0DB1974744500AE5136 /* Info.plist */ = {isa = PBXFileReference; fileEncoding = 4; lastKnownFileType = text.plist.xml; path = Info.plist; sourceTree = "<group>"; };
		0735E0DE1974747100AE5136 /* Base */ = {isa = PBXFileReference; lastKnownFileType = file.xib; name = Base; path = Base.lproj/AddContact.xib; sourceTree = "<group>"; };
		0735E0E01974747100AE5136 /* Base */ = {isa = PBXFileReference; lastKnownFileType = file.xib; name = Base; path = Base.lproj/ChatBox.xib; sourceTree = "<group>"; };
		0735E0E21974747100AE5136 /* Base */ = {isa = PBXFileReference; lastKnownFileType = file.xib; name = Base; path = Base.lproj/ContactProfile.xib; sourceTree = "<group>"; };
		0735E0E81974747100AE5136 /* Base */ = {isa = PBXFileReference; lastKnownFileType = file.xib; name = Base; path = Base.lproj/MainMenu.xib; sourceTree = "<group>"; };
		0735E0EA1974747100AE5136 /* Base */ = {isa = PBXFileReference; lastKnownFileType = file.xib; name = Base; path = Base.lproj/PrefWindow.xib; sourceTree = "<group>"; };
		0735E0EC1974747100AE5136 /* Base */ = {isa = PBXFileReference; lastKnownFileType = file.xib; name = Base; path = Base.lproj/ProfileUpdate.xib; sourceTree = "<group>"; };
		0735E0F81974748A00AE5136 /* Images.xcassets */ = {isa = PBXFileReference; lastKnownFileType = folder.assetcatalog; path = Images.xcassets; sourceTree = "<group>"; };
		0735E0FA197474D700AE5136 /* AppDelegate.swift */ = {isa = PBXFileReference; fileEncoding = 4; lastKnownFileType = sourcecode.swift; path = AppDelegate.swift; sourceTree = "<group>"; };
		0735E0FB197474D700AE5136 /* main.swift */ = {isa = PBXFileReference; fileEncoding = 4; lastKnownFileType = sourcecode.swift; path = main.swift; sourceTree = "<group>"; };
		0735E0FC197474D700AE5136 /* PlainAuthenticationCredentials.swift */ = {isa = PBXFileReference; fileEncoding = 4; lastKnownFileType = sourcecode.swift; path = PlainAuthenticationCredentials.swift; sourceTree = "<group>"; };
		0735E1041974758900AE5136 /* Info.plist */ = {isa = PBXFileReference; fileEncoding = 4; lastKnownFileType = text.plist.xml; path = Info.plist; sourceTree = "<group>"; };
		0735E106197475A600AE5136 /* Damp_KegTests.swift */ = {isa = PBXFileReference; fileEncoding = 4; lastKnownFileType = sourcecode.swift; path = Damp_KegTests.swift; sourceTree = "<group>"; };
		0735E10D197476A200AE5136 /* Rambler.xcodeproj */ = {isa = PBXFileReference; lastKnownFileType = "wrapper.pb-project"; name = Rambler.xcodeproj; path = "../../Rambler Framework/Rambler.xcodeproj"; sourceTree = "<group>"; };
		07BC4323197FE02900FFFAFB /* RosterListWindowController.swift */ = {isa = PBXFileReference; fileEncoding = 4; lastKnownFileType = sourcecode.swift; path = RosterListWindowController.swift; sourceTree = "<group>"; };
		07BC4327197FECCC00FFFAFB /* RosterListViewItem.swift */ = {isa = PBXFileReference; fileEncoding = 4; lastKnownFileType = sourcecode.swift; path = RosterListViewItem.swift; sourceTree = "<group>"; };
		07BC4329198015F500FFFAFB /* ConversationWindowController.swift */ = {isa = PBXFileReference; fileEncoding = 4; lastKnownFileType = sourcecode.swift; path = ConversationWindowController.swift; sourceTree = "<group>"; };
		5403B53B1975AF7300327BFA /* Base */ = {isa = PBXFileReference; lastKnownFileType = file.xib; name = Base; path = Base.lproj/GroupChatBox.xib; sourceTree = "<group>"; };
		54C1663D1975CEAA000F5B9E /* Base */ = {isa = PBXFileReference; lastKnownFileType = file.xib; name = Base; path = Base.lproj/LoginWindow.xib; sourceTree = "<group>"; };
		54C1663F1975CEAA000F5B9E /* Base */ = {isa = PBXFileReference; lastKnownFileType = file.xib; name = Base; path = Base.lproj/RosterList.xib; sourceTree = "<group>"; };
/* End PBXFileReference section */

/* Begin PBXFrameworksBuildPhase section */
		0735E0B31974732000AE5136 /* Frameworks */ = {
			isa = PBXFrameworksBuildPhase;
			buildActionMask = 2147483647;
			files = (
				070B976B197F6EBF00873940 /* Rambler.framework in Frameworks */,
			);
			runOnlyForDeploymentPostprocessing = 0;
		};
		0735E0C51974732000AE5136 /* Frameworks */ = {
			isa = PBXFrameworksBuildPhase;
			buildActionMask = 2147483647;
			files = (
			);
			runOnlyForDeploymentPostprocessing = 0;
		};
/* End PBXFrameworksBuildPhase section */

/* Begin PBXGroup section */
		0735E0AD1974732000AE5136 = {
			isa = PBXGroup;
			children = (
				0735E0D9197473E300AE5136 /* Resources */,
				0735E0D8197473D200AE5136 /* Source Code */,
				0735E0DA197473EA00AE5136 /* Tests */,
				0735E0B71974732000AE5136 /* Products */,
				0735E10D197476A200AE5136 /* Rambler.xcodeproj */,
			);
			sourceTree = "<group>";
		};
		0735E0B71974732000AE5136 /* Products */ = {
			isa = PBXGroup;
			children = (
				0735E0B61974732000AE5136 /* DampKeg.app */,
				0735E0C81974732100AE5136 /* DampKegTests.xctest */,
			);
			name = Products;
			sourceTree = "<group>";
		};
		0735E0D8197473D200AE5136 /* Source Code */ = {
			isa = PBXGroup;
			children = (
				0735E0FA197474D700AE5136 /* AppDelegate.swift */,
				07BC4323197FE02900FFFAFB /* RosterListWindowController.swift */,
				0735E0FB197474D700AE5136 /* main.swift */,
				0735E0FC197474D700AE5136 /* PlainAuthenticationCredentials.swift */,
				070B975F197F6B5800873940 /* LoginWindowController.swift */,
				07BC4327197FECCC00FFFAFB /* RosterListViewItem.swift */,
				07BC4329198015F500FFFAFB /* ConversationWindowController.swift */,
			);
			path = "Source Code";
			sourceTree = "<group>";
		};
		0735E0D9197473E300AE5136 /* Resources */ = {
			isa = PBXGroup;
			children = (
				0735E0F81974748A00AE5136 /* Images.xcassets */,
				0735E0DD1974747100AE5136 /* AddContact.xib */,
				0735E0DF1974747100AE5136 /* ChatBox.xib */,
				0735E0E11974747100AE5136 /* ContactProfile.xib */,
				5403B53A1975AF7300327BFA /* GroupChatBox.xib */,
				54C1663C1975CEAA000F5B9E /* LoginWindow.xib */,
				0735E0E71974747100AE5136 /* MainMenu.xib */,
				0735E0E91974747100AE5136 /* PrefWindow.xib */,
				0735E0EB1974747100AE5136 /* ProfileUpdate.xib */,
				54C1663E1975CEAA000F5B9E /* RosterList.xib */,
				0735E0DB1974744500AE5136 /* Info.plist */,
			);
			path = Resources;
			sourceTree = "<group>";
		};
		0735E0DA197473EA00AE5136 /* Tests */ = {
			isa = PBXGroup;
			children = (
				0735E1031974754700AE5136 /* Resources */,
				0735E1021974754000AE5136 /* Source Code */,
			);
			path = Tests;
			sourceTree = "<group>";
		};
		0735E1021974754000AE5136 /* Source Code */ = {
			isa = PBXGroup;
			children = (
				0735E106197475A600AE5136 /* Damp_KegTests.swift */,
			);
			path = "Source Code";
			sourceTree = "<group>";
		};
		0735E1031974754700AE5136 /* Resources */ = {
			isa = PBXGroup;
			children = (
				0735E1041974758900AE5136 /* Info.plist */,
			);
			path = Resources;
			sourceTree = "<group>";
		};
		0735E10E197476A200AE5136 /* Products */ = {
			isa = PBXGroup;
			children = (
				0735E113197476A200AE5136 /* Rambler.framework */,
				0735E115197476A200AE5136 /* Rambler – Tests.xctest */,
				07461ECD1974E99D002B3DF3 /* Example Client (Objective-C) */,
			);
			name = Products;
			sourceTree = "<group>";
		};
/* End PBXGroup section */

/* Begin PBXNativeTarget section */
		0735E0B51974732000AE5136 /* DampKeg */ = {
			isa = PBXNativeTarget;
			buildConfigurationList = 0735E0D21974732100AE5136 /* Build configuration list for PBXNativeTarget "DampKeg" */;
			buildPhases = (
				0735E0B21974732000AE5136 /* Sources */,
				0735E0B31974732000AE5136 /* Frameworks */,
				0735E0B41974732000AE5136 /* Resources */,
				070B976F197F6EBF00873940 /* Embed Frameworks */,
			);
			buildRules = (
			);
			dependencies = (
				070B976E197F6EBF00873940 /* PBXTargetDependency */,
			);
			name = DampKeg;
			productName = DampKeg;
			productReference = 0735E0B61974732000AE5136 /* DampKeg.app */;
			productType = "com.apple.product-type.application";
		};
		0735E0C71974732000AE5136 /* DampKegTests */ = {
			isa = PBXNativeTarget;
			buildConfigurationList = 0735E0D51974732100AE5136 /* Build configuration list for PBXNativeTarget "DampKegTests" */;
			buildPhases = (
				0735E0C41974732000AE5136 /* Sources */,
				0735E0C51974732000AE5136 /* Frameworks */,
				0735E0C61974732000AE5136 /* Resources */,
			);
			buildRules = (
			);
			dependencies = (
				0735E0CA1974732100AE5136 /* PBXTargetDependency */,
				0735E10A1974760400AE5136 /* PBXTargetDependency */,
				0735E10C1974760500AE5136 /* PBXTargetDependency */,
			);
			name = DampKegTests;
			productName = DampKegTests;
			productReference = 0735E0C81974732100AE5136 /* DampKegTests.xctest */;
			productType = "com.apple.product-type.bundle.unit-test";
		};
/* End PBXNativeTarget section */

/* Begin PBXProject section */
		0735E0AE1974732000AE5136 /* Project object */ = {
			isa = PBXProject;
			attributes = {
				LastUpgradeCheck = 0600;
				ORGANIZATIONNAME = DampKeg;
				TargetAttributes = {
					0735E0B51974732000AE5136 = {
						CreatedOnToolsVersion = 6.0;
					};
					0735E0C71974732000AE5136 = {
						CreatedOnToolsVersion = 6.0;
						TestTargetID = 0735E0B51974732000AE5136;
					};
				};
			};
			buildConfigurationList = 0735E0B11974732000AE5136 /* Build configuration list for PBXProject "DampKeg" */;
			compatibilityVersion = "Xcode 3.2";
			developmentRegion = English;
			hasScannedForEncodings = 0;
			knownRegions = (
				en,
				Base,
			);
			mainGroup = 0735E0AD1974732000AE5136;
			productRefGroup = 0735E0B71974732000AE5136 /* Products */;
			projectDirPath = "";
			projectReferences = (
				{
					ProductGroup = 0735E10E197476A200AE5136 /* Products */;
					ProjectRef = 0735E10D197476A200AE5136 /* Rambler.xcodeproj */;
				},
			);
			projectRoot = "";
			targets = (
				0735E0B51974732000AE5136 /* DampKeg */,
				0735E0C71974732000AE5136 /* DampKegTests */,
			);
		};
/* End PBXProject section */

/* Begin PBXReferenceProxy section */
		0735E113197476A200AE5136 /* Rambler.framework */ = {
			isa = PBXReferenceProxy;
			fileType = wrapper.framework;
			path = Rambler.framework;
			remoteRef = 0735E112197476A200AE5136 /* PBXContainerItemProxy */;
			sourceTree = BUILT_PRODUCTS_DIR;
		};
		0735E115197476A200AE5136 /* Rambler – Tests.xctest */ = {
			isa = PBXReferenceProxy;
			fileType = wrapper.cfbundle;
			path = "Rambler – Tests.xctest";
			remoteRef = 0735E114197476A200AE5136 /* PBXContainerItemProxy */;
			sourceTree = BUILT_PRODUCTS_DIR;
		};
		07461ECD1974E99D002B3DF3 /* Example Client (Objective-C) */ = {
			isa = PBXReferenceProxy;
			fileType = "compiled.mach-o.executable";
			path = "Example Client (Objective-C)";
			remoteRef = 07461ECC1974E99D002B3DF3 /* PBXContainerItemProxy */;
			sourceTree = BUILT_PRODUCTS_DIR;
		};
/* End PBXReferenceProxy section */

/* Begin PBXResourcesBuildPhase section */
		0735E0B41974732000AE5136 /* Resources */ = {
			isa = PBXResourcesBuildPhase;
			buildActionMask = 2147483647;
			files = (
				54C166411975CEAA000F5B9E /* RosterList.xib in Resources */,
				0735E0F11974747100AE5136 /* ContactProfile.xib in Resources */,
				54C166401975CEAA000F5B9E /* LoginWindow.xib in Resources */,
				0735E0F01974747100AE5136 /* ChatBox.xib in Resources */,
				0735E0F61974747100AE5136 /* ProfileUpdate.xib in Resources */,
				0735E0F91974748A00AE5136 /* Images.xcassets in Resources */,
				0735E0EF1974747100AE5136 /* AddContact.xib in Resources */,
				0735E0F51974747100AE5136 /* PrefWindow.xib in Resources */,
				0735E0F41974747100AE5136 /* MainMenu.xib in Resources */,
				5403B53C1975AF7300327BFA /* GroupChatBox.xib in Resources */,
			);
			runOnlyForDeploymentPostprocessing = 0;
		};
		0735E0C61974732000AE5136 /* Resources */ = {
			isa = PBXResourcesBuildPhase;
			buildActionMask = 2147483647;
			files = (
			);
			runOnlyForDeploymentPostprocessing = 0;
		};
/* End PBXResourcesBuildPhase section */

/* Begin PBXSourcesBuildPhase section */
		0735E0B21974732000AE5136 /* Sources */ = {
			isa = PBXSourcesBuildPhase;
			buildActionMask = 2147483647;
			files = (
				0735E0FF197474D700AE5136 /* main.swift in Sources */,
				0735E100197474D700AE5136 /* PlainAuthenticationCredentials.swift in Sources */,
				0735E0FE197474D700AE5136 /* AppDelegate.swift in Sources */,
				07BC432A198015F500FFFAFB /* ConversationWindowController.swift in Sources */,
				07BC4324197FE02900FFFAFB /* RosterListWindowController.swift in Sources */,
				070B9760197F6B5800873940 /* LoginWindowController.swift in Sources */,
				07BC4328197FECCC00FFFAFB /* RosterListViewItem.swift in Sources */,
			);
			runOnlyForDeploymentPostprocessing = 0;
		};
		0735E0C41974732000AE5136 /* Sources */ = {
			isa = PBXSourcesBuildPhase;
			buildActionMask = 2147483647;
			files = (
				0735E1081974760000AE5136 /* Damp_KegTests.swift in Sources */,
			);
			runOnlyForDeploymentPostprocessing = 0;
		};
/* End PBXSourcesBuildPhase section */

/* Begin PBXTargetDependency section */
		070B976E197F6EBF00873940 /* PBXTargetDependency */ = {
			isa = PBXTargetDependency;
			name = Rambler;
			targetProxy = 070B976D197F6EBF00873940 /* PBXContainerItemProxy */;
		};
		0735E0CA1974732100AE5136 /* PBXTargetDependency */ = {
			isa = PBXTargetDependency;
			target = 0735E0B51974732000AE5136 /* DampKeg */;
			targetProxy = 0735E0C91974732100AE5136 /* PBXContainerItemProxy */;
		};
		0735E10A1974760400AE5136 /* PBXTargetDependency */ = {
			isa = PBXTargetDependency;
			target = 0735E0B51974732000AE5136 /* DampKeg */;
			targetProxy = 0735E1091974760400AE5136 /* PBXContainerItemProxy */;
		};
		0735E10C1974760500AE5136 /* PBXTargetDependency */ = {
			isa = PBXTargetDependency;
			target = 0735E0B51974732000AE5136 /* DampKeg */;
			targetProxy = 0735E10B1974760500AE5136 /* PBXContainerItemProxy */;
		};
/* End PBXTargetDependency section */

/* Begin PBXVariantGroup section */
		0735E0DD1974747100AE5136 /* AddContact.xib */ = {
			isa = PBXVariantGroup;
			children = (
				0735E0DE1974747100AE5136 /* Base */,
			);
			name = AddContact.xib;
			sourceTree = "<group>";
		};
		0735E0DF1974747100AE5136 /* ChatBox.xib */ = {
			isa = PBXVariantGroup;
			children = (
				0735E0E01974747100AE5136 /* Base */,
			);
			name = ChatBox.xib;
			sourceTree = "<group>";
		};
		0735E0E11974747100AE5136 /* ContactProfile.xib */ = {
			isa = PBXVariantGroup;
			children = (
				0735E0E21974747100AE5136 /* Base */,
			);
			name = ContactProfile.xib;
			sourceTree = "<group>";
		};
		0735E0E71974747100AE5136 /* MainMenu.xib */ = {
			isa = PBXVariantGroup;
			children = (
				0735E0E81974747100AE5136 /* Base */,
			);
			name = MainMenu.xib;
			sourceTree = "<group>";
		};
		0735E0E91974747100AE5136 /* PrefWindow.xib */ = {
			isa = PBXVariantGroup;
			children = (
				0735E0EA1974747100AE5136 /* Base */,
			);
			name = PrefWindow.xib;
			sourceTree = "<group>";
		};
		0735E0EB1974747100AE5136 /* ProfileUpdate.xib */ = {
			isa = PBXVariantGroup;
			children = (
				0735E0EC1974747100AE5136 /* Base */,
			);
			name = ProfileUpdate.xib;
			sourceTree = "<group>";
		};
		5403B53A1975AF7300327BFA /* GroupChatBox.xib */ = {
			isa = PBXVariantGroup;
			children = (
				5403B53B1975AF7300327BFA /* Base */,
			);
			name = GroupChatBox.xib;
			sourceTree = "<group>";
		};
		54C1663C1975CEAA000F5B9E /* LoginWindow.xib */ = {
			isa = PBXVariantGroup;
			children = (
				54C1663D1975CEAA000F5B9E /* Base */,
			);
			name = LoginWindow.xib;
			sourceTree = "<group>";
		};
		54C1663E1975CEAA000F5B9E /* RosterList.xib */ = {
			isa = PBXVariantGroup;
			children = (
				54C1663F1975CEAA000F5B9E /* Base */,
			);
			name = RosterList.xib;
			sourceTree = "<group>";
		};
/* End PBXVariantGroup section */

/* Begin XCBuildConfiguration section */
		0735E0D01974732100AE5136 /* Debug */ = {
			isa = XCBuildConfiguration;
			buildSettings = {
				ALWAYS_SEARCH_USER_PATHS = NO;
				CLANG_CXX_LANGUAGE_STANDARD = "gnu++0x";
				CLANG_CXX_LIBRARY = "libc++";
				CLANG_ENABLE_MODULES = YES;
				CLANG_ENABLE_OBJC_ARC = YES;
				CLANG_WARN_BOOL_CONVERSION = YES;
				CLANG_WARN_CONSTANT_CONVERSION = YES;
				CLANG_WARN_DIRECT_OBJC_ISA_USAGE = YES_ERROR;
				CLANG_WARN_EMPTY_BODY = YES;
				CLANG_WARN_ENUM_CONVERSION = YES;
				CLANG_WARN_INT_CONVERSION = YES;
				CLANG_WARN_OBJC_ROOT_CLASS = YES_ERROR;
				CLANG_WARN_UNREACHABLE_CODE = YES;
				CLANG_WARN__DUPLICATE_METHOD_MATCH = YES;
				CODE_SIGN_IDENTITY = "-";
				COPY_PHASE_STRIP = NO;
				ENABLE_STRICT_OBJC_MSGSEND = YES;
				GCC_C_LANGUAGE_STANDARD = gnu99;
				GCC_DYNAMIC_NO_PIC = NO;
				GCC_OPTIMIZATION_LEVEL = 0;
				GCC_PREPROCESSOR_DEFINITIONS = (
					"DEBUG=1",
					"$(inherited)",
				);
				GCC_SYMBOLS_PRIVATE_EXTERN = NO;
				GCC_WARN_64_TO_32_BIT_CONVERSION = YES;
				GCC_WARN_ABOUT_RETURN_TYPE = YES_ERROR;
				GCC_WARN_UNDECLARED_SELECTOR = YES;
				GCC_WARN_UNINITIALIZED_AUTOS = YES_AGGRESSIVE;
				GCC_WARN_UNUSED_FUNCTION = YES;
				GCC_WARN_UNUSED_VARIABLE = YES;
				MACOSX_DEPLOYMENT_TARGET = 10.9;
				MTL_ENABLE_DEBUG_INFO = YES;
				ONLY_ACTIVE_ARCH = YES;
				SDKROOT = macosx;
				SWIFT_OPTIMIZATION_LEVEL = "-Onone";
			};
			name = Debug;
		};
		0735E0D11974732100AE5136 /* Release */ = {
			isa = XCBuildConfiguration;
			buildSettings = {
				ALWAYS_SEARCH_USER_PATHS = NO;
				CLANG_CXX_LANGUAGE_STANDARD = "gnu++0x";
				CLANG_CXX_LIBRARY = "libc++";
				CLANG_ENABLE_MODULES = YES;
				CLANG_ENABLE_OBJC_ARC = YES;
				CLANG_WARN_BOOL_CONVERSION = YES;
				CLANG_WARN_CONSTANT_CONVERSION = YES;
				CLANG_WARN_DIRECT_OBJC_ISA_USAGE = YES_ERROR;
				CLANG_WARN_EMPTY_BODY = YES;
				CLANG_WARN_ENUM_CONVERSION = YES;
				CLANG_WARN_INT_CONVERSION = YES;
				CLANG_WARN_OBJC_ROOT_CLASS = YES_ERROR;
				CLANG_WARN_UNREACHABLE_CODE = YES;
				CLANG_WARN__DUPLICATE_METHOD_MATCH = YES;
				CODE_SIGN_IDENTITY = "-";
				COPY_PHASE_STRIP = YES;
				DEBUG_INFORMATION_FORMAT = "dwarf-with-dsym";
				ENABLE_NS_ASSERTIONS = NO;
				ENABLE_STRICT_OBJC_MSGSEND = YES;
				GCC_C_LANGUAGE_STANDARD = gnu99;
				GCC_WARN_64_TO_32_BIT_CONVERSION = YES;
				GCC_WARN_ABOUT_RETURN_TYPE = YES_ERROR;
				GCC_WARN_UNDECLARED_SELECTOR = YES;
				GCC_WARN_UNINITIALIZED_AUTOS = YES_AGGRESSIVE;
				GCC_WARN_UNUSED_FUNCTION = YES;
				GCC_WARN_UNUSED_VARIABLE = YES;
				MACOSX_DEPLOYMENT_TARGET = 10.9;
				MTL_ENABLE_DEBUG_INFO = NO;
				SDKROOT = macosx;
			};
			name = Release;
		};
		0735E0D31974732100AE5136 /* Debug */ = {
			isa = XCBuildConfiguration;
			buildSettings = {
				ASSETCATALOG_COMPILER_APPICON_NAME = AppIcon;
				COMBINE_HIDPI_IMAGES = YES;
				INFOPLIST_FILE = "$(SRCROOT)/Resources/Info.plist";
				LD_RUNPATH_SEARCH_PATHS = "$(inherited) @executable_path/../Frameworks";
				PRODUCT_NAME = "$(TARGET_NAME)";
			};
			name = Debug;
		};
		0735E0D41974732100AE5136 /* Release */ = {
			isa = XCBuildConfiguration;
			buildSettings = {
				ASSETCATALOG_COMPILER_APPICON_NAME = AppIcon;
				COMBINE_HIDPI_IMAGES = YES;
				INFOPLIST_FILE = "$(SRCROOT)/Resources/Info.plist";
				LD_RUNPATH_SEARCH_PATHS = "$(inherited) @executable_path/../Frameworks";
				PRODUCT_NAME = "$(TARGET_NAME)";
			};
			name = Release;
		};
		0735E0D61974732100AE5136 /* Debug */ = {
			isa = XCBuildConfiguration;
			buildSettings = {
				BUNDLE_LOADER = "$(BUILT_PRODUCTS_DIR)/DampKeg.app/Contents/MacOS/DampKeg";
				COMBINE_HIDPI_IMAGES = YES;
				FRAMEWORK_SEARCH_PATHS = (
					"$(DEVELOPER_FRAMEWORKS_DIR)",
					"$(inherited)",
				);
				GCC_PREPROCESSOR_DEFINITIONS = (
					"DEBUG=1",
					"$(inherited)",
				);
				INFOPLIST_FILE = Tests/Resources/Info.plist;
				LD_RUNPATH_SEARCH_PATHS = "$(inherited) @executable_path/../Frameworks @loader_path/../Frameworks";
				PRODUCT_NAME = "$(TARGET_NAME)";
				TEST_HOST = "$(BUNDLE_LOADER)";
			};
			name = Debug;
		};
		0735E0D71974732100AE5136 /* Release */ = {
			isa = XCBuildConfiguration;
			buildSettings = {
				BUNDLE_LOADER = "$(BUILT_PRODUCTS_DIR)/DampKeg.app/Contents/MacOS/DampKeg";
				COMBINE_HIDPI_IMAGES = YES;
				FRAMEWORK_SEARCH_PATHS = (
					"$(DEVELOPER_FRAMEWORKS_DIR)",
					"$(inherited)",
				);
				INFOPLIST_FILE = Tests/Resources/Info.plist;
				LD_RUNPATH_SEARCH_PATHS = "$(inherited) @executable_path/../Frameworks @loader_path/../Frameworks";
				PRODUCT_NAME = "$(TARGET_NAME)";
				TEST_HOST = "$(BUNDLE_LOADER)";
			};
			name = Release;
		};
/* End XCBuildConfiguration section */

/* Begin XCConfigurationList section */
		0735E0B11974732000AE5136 /* Build configuration list for PBXProject "DampKeg" */ = {
			isa = XCConfigurationList;
			buildConfigurations = (
				0735E0D01974732100AE5136 /* Debug */,
				0735E0D11974732100AE5136 /* Release */,
			);
			defaultConfigurationIsVisible = 0;
			defaultConfigurationName = Release;
		};
		0735E0D21974732100AE5136 /* Build configuration list for PBXNativeTarget "DampKeg" */ = {
			isa = XCConfigurationList;
			buildConfigurations = (
				0735E0D31974732100AE5136 /* Debug */,
				0735E0D41974732100AE5136 /* Release */,
			);
			defaultConfigurationIsVisible = 0;
			defaultConfigurationName = Release;
		};
		0735E0D51974732100AE5136 /* Build configuration list for PBXNativeTarget "DampKegTests" */ = {
			isa = XCConfigurationList;
			buildConfigurations = (
				0735E0D61974732100AE5136 /* Debug */,
				0735E0D71974732100AE5136 /* Release */,
			);
			defaultConfigurationIsVisible = 0;
			defaultConfigurationName = Release;
		};
/* End XCConfigurationList section */
	};
	rootObject = 0735E0AE1974732000AE5136 /* Project object */;
}
