
Microsoft Visual Studio Solution File, Format Version 12.00
# Visual Studio 2013
VisualStudioVersion = 12.0.21005.1
MinimumVisualStudioVersion = 10.0.40219.1
Project("{FAE04EC0-301F-11D3-BF4B-00C04F79EFBC}") = "Desktop Client", "Desktop Client\Desktop Client.csproj", "{D2E720A8-BD3E-48CF-82FF-A2D1C9B5EE8F}"
EndProject
Project("{8BC9CEB8-8B4A-11D0-8D11-00A0C91BC942}") = "libiconv-1.14-windows", "..\..\..\External Libraries\libiconv-1.14-windows\libiconv-1.14-windows.vcxproj", "{86D2F8EE-CDFA-4753-8760-365135039DCC}"
EndProject
Project("{8BC9CEB8-8B4A-11D0-8D11-00A0C91BC942}") = "libxml2", "..\..\..\External Libraries\libxml2-2.9.1-windows\win32\VC10\libxml2.vcxproj", "{1D6039F6-5078-416F-A3AF-A36EFC7E6A1C}"
EndProject
Global
	GlobalSection(SolutionConfigurationPlatforms) = preSolution
		Debug|Any CPU = Debug|Any CPU
		Debug|Mixed Platforms = Debug|Mixed Platforms
		Debug|Win32 = Debug|Win32
		Debug|x64 = Debug|x64
		Release|Any CPU = Release|Any CPU
		Release|Mixed Platforms = Release|Mixed Platforms
		Release|Win32 = Release|Win32
		Release|x64 = Release|x64
	EndGlobalSection
	GlobalSection(ProjectConfigurationPlatforms) = postSolution
		{D2E720A8-BD3E-48CF-82FF-A2D1C9B5EE8F}.Debug|Any CPU.ActiveCfg = Debug|x64
		{D2E720A8-BD3E-48CF-82FF-A2D1C9B5EE8F}.Debug|Mixed Platforms.ActiveCfg = Debug|x64
		{D2E720A8-BD3E-48CF-82FF-A2D1C9B5EE8F}.Debug|Mixed Platforms.Build.0 = Debug|x64
		{D2E720A8-BD3E-48CF-82FF-A2D1C9B5EE8F}.Debug|Win32.ActiveCfg = Debug|x64
		{D2E720A8-BD3E-48CF-82FF-A2D1C9B5EE8F}.Debug|x64.ActiveCfg = Debug|x64
		{D2E720A8-BD3E-48CF-82FF-A2D1C9B5EE8F}.Debug|x64.Build.0 = Debug|x64
		{D2E720A8-BD3E-48CF-82FF-A2D1C9B5EE8F}.Release|Any CPU.ActiveCfg = Release|x64
		{D2E720A8-BD3E-48CF-82FF-A2D1C9B5EE8F}.Release|Mixed Platforms.ActiveCfg = Release|x64
		{D2E720A8-BD3E-48CF-82FF-A2D1C9B5EE8F}.Release|Mixed Platforms.Build.0 = Release|x64
		{D2E720A8-BD3E-48CF-82FF-A2D1C9B5EE8F}.Release|Win32.ActiveCfg = Release|x64
		{D2E720A8-BD3E-48CF-82FF-A2D1C9B5EE8F}.Release|x64.ActiveCfg = Release|x64
		{D2E720A8-BD3E-48CF-82FF-A2D1C9B5EE8F}.Release|x64.Build.0 = Release|x64
		{86D2F8EE-CDFA-4753-8760-365135039DCC}.Debug|Any CPU.ActiveCfg = Debug|x64
		{86D2F8EE-CDFA-4753-8760-365135039DCC}.Debug|Mixed Platforms.ActiveCfg = Debug|x64
		{86D2F8EE-CDFA-4753-8760-365135039DCC}.Debug|Mixed Platforms.Build.0 = Debug|x64
		{86D2F8EE-CDFA-4753-8760-365135039DCC}.Debug|Win32.ActiveCfg = Debug|x64
		{86D2F8EE-CDFA-4753-8760-365135039DCC}.Debug|x64.ActiveCfg = Debug|x64
		{86D2F8EE-CDFA-4753-8760-365135039DCC}.Debug|x64.Build.0 = Debug|x64
		{86D2F8EE-CDFA-4753-8760-365135039DCC}.Release|Any CPU.ActiveCfg = Release|x64
		{86D2F8EE-CDFA-4753-8760-365135039DCC}.Release|Mixed Platforms.ActiveCfg = Release|x64
		{86D2F8EE-CDFA-4753-8760-365135039DCC}.Release|Mixed Platforms.Build.0 = Release|x64
		{86D2F8EE-CDFA-4753-8760-365135039DCC}.Release|Win32.ActiveCfg = Release|x64
		{86D2F8EE-CDFA-4753-8760-365135039DCC}.Release|x64.ActiveCfg = Release|x64
		{86D2F8EE-CDFA-4753-8760-365135039DCC}.Release|x64.Build.0 = Release|x64
		{1D6039F6-5078-416F-A3AF-A36EFC7E6A1C}.Debug|Any CPU.ActiveCfg = Debug|Win32
		{1D6039F6-5078-416F-A3AF-A36EFC7E6A1C}.Debug|Mixed Platforms.ActiveCfg = Debug|Win32
		{1D6039F6-5078-416F-A3AF-A36EFC7E6A1C}.Debug|Mixed Platforms.Build.0 = Debug|Win32
		{1D6039F6-5078-416F-A3AF-A36EFC7E6A1C}.Debug|Win32.ActiveCfg = Debug|Win32
		{1D6039F6-5078-416F-A3AF-A36EFC7E6A1C}.Debug|Win32.Build.0 = Debug|Win32
		{1D6039F6-5078-416F-A3AF-A36EFC7E6A1C}.Debug|x64.ActiveCfg = Debug|x64
		{1D6039F6-5078-416F-A3AF-A36EFC7E6A1C}.Debug|x64.Build.0 = Debug|x64
		{1D6039F6-5078-416F-A3AF-A36EFC7E6A1C}.Release|Any CPU.ActiveCfg = Release|Win32
		{1D6039F6-5078-416F-A3AF-A36EFC7E6A1C}.Release|Mixed Platforms.ActiveCfg = Release|Win32
		{1D6039F6-5078-416F-A3AF-A36EFC7E6A1C}.Release|Mixed Platforms.Build.0 = Release|Win32
		{1D6039F6-5078-416F-A3AF-A36EFC7E6A1C}.Release|Win32.ActiveCfg = Release|Win32
		{1D6039F6-5078-416F-A3AF-A36EFC7E6A1C}.Release|Win32.Build.0 = Release|Win32
		{1D6039F6-5078-416F-A3AF-A36EFC7E6A1C}.Release|x64.ActiveCfg = Release|x64
		{1D6039F6-5078-416F-A3AF-A36EFC7E6A1C}.Release|x64.Build.0 = Release|x64
	EndGlobalSection
	GlobalSection(SolutionProperties) = preSolution
		HideSolutionNode = FALSE
	EndGlobalSection
EndGlobal
