<?xml version="1.0" encoding="utf-8"?>
<Project ToolsVersion="12.0" xmlns="http://schemas.microsoft.com/developer/msbuild/2003">
  <ItemGroup>
    <ClInclude Include="$(MSBuildThisFileDirectory)..\..\librambler\Source Code\Connection\AbstractConnection.h">
      <Filter>librambler\Connection\Header Files</Filter>
    </ClInclude>
    <ClInclude Include="$(MSBuildThisFileDirectory)..\..\librambler\Source Code\Connection\State.h">
      <Filter>librambler\Connection\Header Files</Filter>
    </ClInclude>
    <ClInclude Include="$(MSBuildThisFileDirectory)RamblerRT.h">
      <Filter>RamblerRT\Header Files</Filter>
    </ClInclude>
    <ClInclude Include="$(MSBuildThisFileDirectory)targetver.h">
      <Filter>RamblerRT\Header Files</Filter>
    </ClInclude>
    <ClInclude Include="$(MSBuildThisFileDirectory)..\..\librambler\Source Code\Connection\WindowsRuntimeBasedConnection.h">
      <Filter>librambler\Connection\Header Files</Filter>
    </ClInclude>
    <ClInclude Include="$(MSBuildThisFileDirectory)TCPConnection.h">
      <Filter>RamblerRT\Source Files</Filter>
    </ClInclude>
    <ClInclude Include="$(MSBuildThisFileDirectory)State.h">
      <Filter>RamblerRT\Source Files</Filter>
    </ClInclude>
    <ClInclude Include="$(MSBuildThisFileDirectory)..\..\librambler\Source Code\XML\Attribute.hpp">
      <Filter>librambler\XML</Filter>
    </ClInclude>
    <ClInclude Include="$(MSBuildThisFileDirectory)..\..\librambler\Source Code\XML\Element.hpp">
      <Filter>librambler\XML</Filter>
    </ClInclude>
    <ClInclude Include="$(MSBuildThisFileDirectory)..\..\librambler\Source Code\XML\NameableNode.hpp">
      <Filter>librambler\XML</Filter>
    </ClInclude>
    <ClInclude Include="$(MSBuildThisFileDirectory)..\..\librambler\Source Code\XML\Namespace.hpp">
      <Filter>librambler\XML</Filter>
    </ClInclude>
    <ClInclude Include="$(MSBuildThisFileDirectory)..\..\librambler\Source Code\XML\NamespaceableNode.hpp">
      <Filter>librambler\XML</Filter>
    </ClInclude>
    <ClInclude Include="$(MSBuildThisFileDirectory)..\..\librambler\Source Code\XML\Node.hpp">
      <Filter>librambler\XML</Filter>
    </ClInclude>
    <ClInclude Include="$(MSBuildThisFileDirectory)..\..\librambler\Source Code\XML\TextNode.hpp">
      <Filter>librambler\XML</Filter>
    </ClInclude>
    <ClInclude Include="$(MSBuildThisFileDirectory)..\..\librambler\Source Code\Stream\BidirectionalStream.hpp">
      <Filter>librambler\Stream\Header Files</Filter>
    </ClInclude>
    <ClInclude Include="$(MSBuildThisFileDirectory)..\..\librambler\Source Code\Stream\State.hpp">
      <Filter>librambler\Stream\Header Files</Filter>
    </ClInclude>
    <ClInclude Include="$(MSBuildThisFileDirectory)..\..\librambler\Source Code\integer_types.hpp">
      <Filter>librambler</Filter>
    </ClInclude>
    <ClInclude Include="$(MSBuildThisFileDirectory)..\..\librambler\Source Code\pointer_types.hpp">
      <Filter>librambler</Filter>
    </ClInclude>
    <ClInclude Include="$(MSBuildThisFileDirectory)..\..\librambler\Source Code\string_types.hpp">
      <Filter>librambler</Filter>
    </ClInclude>
    <ClInclude Include="$(MSBuildThisFileDirectory)..\..\librambler\Source Code\types.hpp">
      <Filter>librambler</Filter>
    </ClInclude>
    <ClInclude Include="$(MSBuildThisFileDirectory)..\..\librambler\Source Code\XMPP\Core\JID.hpp">
      <Filter>librambler\XMPP\Core\Header Files</Filter>
    </ClInclude>
    <ClInclude Include="$(MSBuildThisFileDirectory)..\..\librambler\Source Code\XMPP\Core\XMLStream.hpp">
      <Filter>librambler\XMPP\Core\Header Files</Filter>
    </ClInclude>
    <ClInclude Include="$(MSBuildThisFileDirectory)..\..\librambler\Source Code\XMPP\IM\Client\SubscriptionStatus.hpp">
      <Filter>librambler\XMPP\IM\Client</Filter>
    </ClInclude>
    <ClInclude Include="$(MSBuildThisFileDirectory)..\..\librambler\Source Code\XMPP\IM\Client\RosterItem.hpp">
      <Filter>librambler\XMPP\IM\Client</Filter>
    </ClInclude>
    <ClInclude Include="$(MSBuildThisFileDirectory)..\..\librambler\Source Code\XMPP\IM\Client\RosterList.hpp">
      <Filter>librambler\XMPP\IM\Client</Filter>
    </ClInclude>
  </ItemGroup>
  <ItemGroup>
    <ClCompile Include="$(MSBuildThisFileDirectory)..\..\librambler\Source Code\Connection\AbstractConnection.cpp">
      <Filter>librambler\Connection\Source Files</Filter>
    </ClCompile>
    <ClCompile Include="$(MSBuildThisFileDirectory)RamblerRT.cpp">
      <Filter>RamblerRT\Source Files</Filter>
    </ClCompile>
    <ClCompile Include="$(MSBuildThisFileDirectory)..\..\librambler\Source Code\XMPP\Core\JID.cpp">
      <Filter>librambler\XMPP\Core\Source Files</Filter>
    </ClCompile>
    <ClCompile Include="$(MSBuildThisFileDirectory)..\..\librambler\Source Code\XMPP\Core\XMLStream.cpp">
      <Filter>librambler\XMPP\Core\Source Files</Filter>
    </ClCompile>
    <ClCompile Include="$(MSBuildThisFileDirectory)..\..\librambler\Source Code\Connection\WindowsRuntimeBasedConnection.cpp">
      <Filter>librambler\Connection\Source Files</Filter>
    </ClCompile>
    <ClCompile Include="$(MSBuildThisFileDirectory)TCPConnection.cpp">
      <Filter>RamblerRT\Source Files</Filter>
    </ClCompile>
    <ClCompile Include="$(MSBuildThisFileDirectory)..\..\librambler\Source Code\XML\Attribute.cpp">
      <Filter>librambler\XML</Filter>
    </ClCompile>
    <ClCompile Include="$(MSBuildThisFileDirectory)..\..\librambler\Source Code\XML\Element.cpp">
      <Filter>librambler\XML</Filter>
    </ClCompile>
    <ClCompile Include="$(MSBuildThisFileDirectory)..\..\librambler\Source Code\XML\NameableNode.cpp">
      <Filter>librambler\XML</Filter>
    </ClCompile>
    <ClCompile Include="$(MSBuildThisFileDirectory)..\..\librambler\Source Code\XML\Namespace.cpp">
      <Filter>librambler\XML</Filter>
    </ClCompile>
    <ClCompile Include="$(MSBuildThisFileDirectory)..\..\librambler\Source Code\XML\NamespaceableNode.cpp">
      <Filter>librambler\XML</Filter>
    </ClCompile>
    <ClCompile Include="$(MSBuildThisFileDirectory)..\..\librambler\Source Code\XML\Node.cpp">
      <Filter>librambler\XML</Filter>
    </ClCompile>
    <ClCompile Include="$(MSBuildThisFileDirectory)..\..\librambler\Source Code\XML\TextNode.cpp">
      <Filter>librambler\XML</Filter>
    </ClCompile>
    <ClCompile Include="$(MSBuildThisFileDirectory)..\..\librambler\Source Code\XMPP\Core\XMLStream_Parser.cpp">
      <Filter>librambler\XMPP\Core\Source Files</Filter>
    </ClCompile>
    <ClCompile Include="$(MSBuildThisFileDirectory)..\..\librambler\Source Code\XMPP\IM\Client\RosterItem.cpp">
      <Filter>librambler\XMPP\IM\Client</Filter>
    </ClCompile>
    <ClCompile Include="$(MSBuildThisFileDirectory)..\..\librambler\Source Code\XMPP\IM\Client\RosterList.cpp">
      <Filter>librambler\XMPP\IM\Client</Filter>
    </ClCompile>
  </ItemGroup>
  <ItemGroup>
    <Filter Include="RamblerRT">
      <UniqueIdentifier>{9dbdf5a0-d588-4171-8996-5fe486990d79}</UniqueIdentifier>
    </Filter>
    <Filter Include="RamblerRT\Source Files">
      <UniqueIdentifier>{905bc20a-3db9-4337-a4fd-6252bf5602c3}</UniqueIdentifier>
      <Extensions>cpp;c;cc;cxx;def;odl;idl;hpj;bat;asm;asmx</Extensions>
    </Filter>
    <Filter Include="RamblerRT\Header Files">
      <UniqueIdentifier>{a71483a6-cf82-48e5-ac7c-2a99ce35dff0}</UniqueIdentifier>
      <Extensions>h;hh;hpp;hxx;hm;inl;inc;xsd</Extensions>
    </Filter>
    <Filter Include="librambler">
      <UniqueIdentifier>{df1b068f-9c77-4c0e-889a-20db02cb51d3}</UniqueIdentifier>
    </Filter>
    <Filter Include="librambler\XMPP">
      <UniqueIdentifier>{bd94fc12-a1ed-4218-a232-da7478fbd7e4}</UniqueIdentifier>
    </Filter>
    <Filter Include="librambler\XMPP\Core">
      <UniqueIdentifier>{4cbaf116-23d5-4771-a57b-2c0a9224cdf1}</UniqueIdentifier>
    </Filter>
    <Filter Include="librambler\Stream">
      <UniqueIdentifier>{da08b2cf-3144-4d10-bcf8-f10e0b955816}</UniqueIdentifier>
    </Filter>
    <Filter Include="librambler\Connection">
      <UniqueIdentifier>{f67d2dd8-8953-4e60-a5ba-3846b589fefb}</UniqueIdentifier>
    </Filter>
    <Filter Include="librambler\Connection\Source Files">
      <UniqueIdentifier>{375cdb03-9035-4c3b-abbd-2527df1cd70b}</UniqueIdentifier>
      <Extensions>cpp;c;cc;cxx;def;odl;idl;hpj;bat;asm;asmx</Extensions>
    </Filter>
    <Filter Include="librambler\Connection\Header Files">
      <UniqueIdentifier>{689fb92b-d711-4347-a3d6-b22c3db75b57}</UniqueIdentifier>
      <Extensions>h;hh;hpp;hxx;hm;inl;inc;xsd</Extensions>
    </Filter>
    <Filter Include="librambler\Stream\Header Files">
      <UniqueIdentifier>{cbcb13df-4ffb-4362-b406-a2802347fbce}</UniqueIdentifier>
      <Extensions>h;hh;hpp;hxx;hm;inl;inc;xsd</Extensions>
    </Filter>
    <Filter Include="librambler\Stream\Source Files">
      <UniqueIdentifier>{ccc7043a-b2e8-46f2-ba8f-38109aa25150}</UniqueIdentifier>
      <Extensions>cpp;c;cc;cxx;def;odl;idl;hpj;bat;asm;asmx</Extensions>
    </Filter>
    <Filter Include="librambler\XMPP\Core\Header Files">
      <UniqueIdentifier>{48e5b882-3d66-4f16-8658-c36db1fff4d4}</UniqueIdentifier>
      <Extensions>h;hh;hpp;hxx;hm;inl;inc;xsd</Extensions>
    </Filter>
    <Filter Include="librambler\XMPP\Core\Source Files">
      <UniqueIdentifier>{b3b91000-fbcd-48b0-9413-7264ab161d72}</UniqueIdentifier>
      <Extensions>cpp;c;cc;cxx;def;odl;idl;hpj;bat;asm;asmx</Extensions>
    </Filter>
    <Filter Include="librambler\XML">
      <UniqueIdentifier>{d22b65bf-2766-4acb-8103-8643d7086a3f}</UniqueIdentifier>
    </Filter>
    <Filter Include="librambler\XMPP\IM">
      <UniqueIdentifier>{f889b3cf-3280-4462-b99f-b65564d3e46d}</UniqueIdentifier>
    </Filter>
    <Filter Include="librambler\XMPP\IM\Client">
      <UniqueIdentifier>{d859edfa-69f5-4088-bf70-cf63901ffa1b}</UniqueIdentifier>
    </Filter>
  </ItemGroup>
  <ItemGroup>
    <None Include="$(MSBuildThisFileDirectory)..\..\librambler\Source Code\Stream\BidirectionalStream.tpp">
      <Filter>librambler\Stream\Header Files</Filter>
    </None>
  </ItemGroup>
</Project>